// !$*UTF8*$!
{
	archiveVersion = 1;
	classes = {
	};
	objectVersion = 77;
	objects = {

/* Begin PBXBuildFile section */
		3D15887B2CF28CC90071CE2F /* PageCarte.swift in Sources */ = {isa = PBXBuildFile; fileRef = 3D15887A2CF28CC90071CE2F /* PageCarte.swift */; };
		3D36100F2CE9282000FA9B9B /* InformationsAttraction.swift in Sources */ = {isa = PBXBuildFile; fileRef = 3D36100E2CE9282000FA9B9B /* InformationsAttraction.swift */; };
		3D3610112CE933DC00FA9B9B /* FonctionnementAttraction.swift in Sources */ = {isa = PBXBuildFile; fileRef = 3D3610102CE933DC00FA9B9B /* FonctionnementAttraction.swift */; };
		3D3610142CE9368600FA9B9B /* EnumsAPI.swift in Sources */ = {isa = PBXBuildFile; fileRef = 3D3610132CE9368600FA9B9B /* EnumsAPI.swift */; };
		3D51019B2CF0D3EC00129A2A /* IllustrationAttraction.swift in Sources */ = {isa = PBXBuildFile; fileRef = 3D51019A2CF0D3EC00129A2A /* IllustrationAttraction.swift */; };
		3D8BE1992CEC09E600F88A2D /* AppVM.swift in Sources */ = {isa = PBXBuildFile; fileRef = 3D8BE1982CEC09E600F88A2D /* AppVM.swift */; };
		3D8BE19C2CEC0A3200F88A2D /* GestionnaireAttractions.swift in Sources */ = {isa = PBXBuildFile; fileRef = 3D8BE19B2CEC0A3200F88A2D /* GestionnaireAttractions.swift */; };
		3D8BE19F2CEC1E0600F88A2D /* IndicateurAttente.swift in Sources */ = {isa = PBXBuildFile; fileRef = 3D8BE19E2CEC1E0600F88A2D /* IndicateurAttente.swift */; };
		3D8BE1A92CEC261C00F88A2D /* Montserrat-Italic-VariableFont_wght.ttf in Resources */ = {isa = PBXBuildFile; fileRef = 3D8BE1A72CEC261C00F88A2D /* Montserrat-Italic-VariableFont_wght.ttf */; };
		3D8BE1AA2CEC261C00F88A2D /* Montserrat-VariableFont_wght.ttf in Resources */ = {isa = PBXBuildFile; fileRef = 3D8BE1A82CEC261C00F88A2D /* Montserrat-VariableFont_wght.ttf */; };
		3D8BE1AD2CEC263800F88A2D /* Polices.swift in Sources */ = {isa = PBXBuildFile; fileRef = 3D8BE1AC2CEC263800F88A2D /* Polices.swift */; };
		3D8BE1B02CEC2A4000F88A2D /* RangAttraction.swift in Sources */ = {isa = PBXBuildFile; fileRef = 3D8BE1AF2CEC2A4000F88A2D /* RangAttraction.swift */; };
		3D8BE1B22CECCFED00F88A2D /* PatronPagePrincipale.swift in Sources */ = {isa = PBXBuildFile; fileRef = 3D8BE1B12CECCFED00F88A2D /* PatronPagePrincipale.swift */; };
		3D8BE1B42CECD2E800F88A2D /* TailleEcran.swift in Sources */ = {isa = PBXBuildFile; fileRef = 3D8BE1B32CECD2E800F88A2D /* TailleEcran.swift */; };
		3D8BE1B62CECD34100F88A2D /* PagePrincipale.swift in Sources */ = {isa = PBXBuildFile; fileRef = 3D8BE1B52CECD34100F88A2D /* PagePrincipale.swift */; };
		3D8BE1B82CECD55A00F88A2D /* DegradeHaut.swift in Sources */ = {isa = PBXBuildFile; fileRef = 3D8BE1B72CECD55A00F88A2D /* DegradeHaut.swift */; };
		3D8BE1BB2CECD59E00F88A2D /* BordureArrondie.swift in Sources */ = {isa = PBXBuildFile; fileRef = 3D8BE1BA2CECD59E00F88A2D /* BordureArrondie.swift */; };
		3D8BE1BD2CECE41100F88A2D /* CartoucheGlossaire.swift in Sources */ = {isa = PBXBuildFile; fileRef = 3D8BE1BC2CECE41100F88A2D /* CartoucheGlossaire.swift */; };
		3D8BE1C02CECF38600F88A2D /* TexteEnDate.swift in Sources */ = {isa = PBXBuildFile; fileRef = 3D8BE1BF2CECF38600F88A2D /* TexteEnDate.swift */; };
		3D8BE1C22CEE265D00F88A2D /* SqueletteRangAttraction.swift in Sources */ = {isa = PBXBuildFile; fileRef = 3D8BE1C12CEE265D00F88A2D /* SqueletteRangAttraction.swift */; };
		3DB753432CE8E40300F68412 /* APIDisneyland.swift in Sources */ = {isa = PBXBuildFile; fileRef = 3DB753362CE8E40300F68412 /* APIDisneyland.swift */; };
		3DB753442CE8E40300F68412 /* Attraction.swift in Sources */ = {isa = PBXBuildFile; fileRef = 3DB753372CE8E40300F68412 /* Attraction.swift */; };
		3DB753452CE8E40300F68412 /* NomParc.swift in Sources */ = {isa = PBXBuildFile; fileRef = 3DB753382CE8E40300F68412 /* NomParc.swift */; };
		3DB753462CE8E40300F68412 /* RegistreAttractions.swift in Sources */ = {isa = PBXBuildFile; fileRef = 3DB753392CE8E40300F68412 /* RegistreAttractions.swift */; };
		3DB753472CE8E40300F68412 /* NomUnivers.swift in Sources */ = {isa = PBXBuildFile; fileRef = 3DB7533A2CE8E40300F68412 /* NomUnivers.swift */; };
		3DB753482CE8E40300F68412 /* ContentView.swift in Sources */ = {isa = PBXBuildFile; fileRef = 3DB7533F2CE8E40300F68412 /* ContentView.swift */; };
		3DB753492CE8E40300F68412 /* SidneylandApp.swift in Sources */ = {isa = PBXBuildFile; fileRef = 3DB753412CE8E40300F68412 /* SidneylandApp.swift */; };
		3DB7534A2CE8E40300F68412 /* Preview Assets.xcassets in Resources */ = {isa = PBXBuildFile; fileRef = 3DB7533C2CE8E40300F68412 /* Preview Assets.xcassets */; };
		3DB7534B2CE8E40300F68412 /* Assets.xcassets in Resources */ = {isa = PBXBuildFile; fileRef = 3DB7533E2CE8E40300F68412 /* Assets.xcassets */; };
		3DEB25F32CEE9F3700639F80 /* PageDetailAttraction.swift in Sources */ = {isa = PBXBuildFile; fileRef = 3DEB25F22CEE9F3700639F80 /* PageDetailAttraction.swift */; };
		3DEB25F52CEEAC4A00639F80 /* Flou.swift in Sources */ = {isa = PBXBuildFile; fileRef = 3DEB25F42CEEAC4600639F80 /* Flou.swift */; };
		3DEB25FD2CEEB5E000639F80 /* CouleurHEX.swift in Sources */ = {isa = PBXBuildFile; fileRef = 3DEB25FC2CEEB5E000639F80 /* CouleurHEX.swift */; };
		3DEB25FF2CEEBB5D00639F80 /* BarreInformationsAttraction.swift in Sources */ = {isa = PBXBuildFile; fileRef = 3DEB25FE2CEEBB5D00639F80 /* BarreInformationsAttraction.swift */; };
		3DEB26032CEEBECA00639F80 /* DateEnTexte.swift in Sources */ = {isa = PBXBuildFile; fileRef = 3DEB26022CEEBECA00639F80 /* DateEnTexte.swift */; };
		3DEB26052CEEBF6300639F80 /* CaseInformationAttraction.swift in Sources */ = {isa = PBXBuildFile; fileRef = 3DEB26042CEEBF6300639F80 /* CaseInformationAttraction.swift */; };
/* End PBXBuildFile section */

/* Begin PBXContainerItemProxy section */
		3D25D6CE2C965D09003B2A5F /* PBXContainerItemProxy */ = {
			isa = PBXContainerItemProxy;
			containerPortal = 3D25D6B42C965D08003B2A5F /* Project object */;
			proxyType = 1;
			remoteGlobalIDString = 3D25D6BB2C965D08003B2A5F;
			remoteInfo = Sidneyland;
		};
		3D25D6D82C965D09003B2A5F /* PBXContainerItemProxy */ = {
			isa = PBXContainerItemProxy;
			containerPortal = 3D25D6B42C965D08003B2A5F /* Project object */;
			proxyType = 1;
			remoteGlobalIDString = 3D25D6BB2C965D08003B2A5F;
			remoteInfo = Sidneyland;
		};
/* End PBXContainerItemProxy section */

/* Begin PBXFileReference section */
		3D15887A2CF28CC90071CE2F /* PageCarte.swift */ = {isa = PBXFileReference; lastKnownFileType = sourcecode.swift; path = PageCarte.swift; sourceTree = "<group>"; };
		3D25D6BC2C965D08003B2A5F /* Sidneyland.app */ = {isa = PBXFileReference; explicitFileType = wrapper.application; includeInIndex = 0; path = Sidneyland.app; sourceTree = BUILT_PRODUCTS_DIR; };
		3D25D6CD2C965D09003B2A5F /* SidneylandTests.xctest */ = {isa = PBXFileReference; explicitFileType = wrapper.cfbundle; includeInIndex = 0; path = SidneylandTests.xctest; sourceTree = BUILT_PRODUCTS_DIR; };
		3D25D6D72C965D09003B2A5F /* SidneylandUITests.xctest */ = {isa = PBXFileReference; explicitFileType = wrapper.cfbundle; includeInIndex = 0; path = SidneylandUITests.xctest; sourceTree = BUILT_PRODUCTS_DIR; };
		3D36100E2CE9282000FA9B9B /* InformationsAttraction.swift */ = {isa = PBXFileReference; lastKnownFileType = sourcecode.swift; path = InformationsAttraction.swift; sourceTree = "<group>"; };
		3D3610102CE933DC00FA9B9B /* FonctionnementAttraction.swift */ = {isa = PBXFileReference; lastKnownFileType = sourcecode.swift; path = FonctionnementAttraction.swift; sourceTree = "<group>"; };
		3D3610132CE9368600FA9B9B /* EnumsAPI.swift */ = {isa = PBXFileReference; lastKnownFileType = sourcecode.swift; path = EnumsAPI.swift; sourceTree = "<group>"; };
		3D51019A2CF0D3EC00129A2A /* IllustrationAttraction.swift */ = {isa = PBXFileReference; lastKnownFileType = sourcecode.swift; path = IllustrationAttraction.swift; sourceTree = "<group>"; };
		3D8BE1982CEC09E600F88A2D /* AppVM.swift */ = {isa = PBXFileReference; lastKnownFileType = sourcecode.swift; path = AppVM.swift; sourceTree = "<group>"; };
		3D8BE19B2CEC0A3200F88A2D /* GestionnaireAttractions.swift */ = {isa = PBXFileReference; lastKnownFileType = sourcecode.swift; path = GestionnaireAttractions.swift; sourceTree = "<group>"; };
		3D8BE19E2CEC1E0600F88A2D /* IndicateurAttente.swift */ = {isa = PBXFileReference; lastKnownFileType = sourcecode.swift; path = IndicateurAttente.swift; sourceTree = "<group>"; };
		3D8BE1A72CEC261C00F88A2D /* Montserrat-Italic-VariableFont_wght.ttf */ = {isa = PBXFileReference; lastKnownFileType = file; path = "Montserrat-Italic-VariableFont_wght.ttf"; sourceTree = "<group>"; };
		3D8BE1A82CEC261C00F88A2D /* Montserrat-VariableFont_wght.ttf */ = {isa = PBXFileReference; lastKnownFileType = file; path = "Montserrat-VariableFont_wght.ttf"; sourceTree = "<group>"; };
		3D8BE1AC2CEC263800F88A2D /* Polices.swift */ = {isa = PBXFileReference; lastKnownFileType = sourcecode.swift; path = Polices.swift; sourceTree = "<group>"; };
		3D8BE1AE2CEC265F00F88A2D /* Info.plist */ = {isa = PBXFileReference; lastKnownFileType = text.plist.xml; path = Info.plist; sourceTree = "<group>"; };
		3D8BE1AF2CEC2A4000F88A2D /* RangAttraction.swift */ = {isa = PBXFileReference; lastKnownFileType = sourcecode.swift; path = RangAttraction.swift; sourceTree = "<group>"; };
		3D8BE1B12CECCFED00F88A2D /* PatronPagePrincipale.swift */ = {isa = PBXFileReference; lastKnownFileType = sourcecode.swift; path = PatronPagePrincipale.swift; sourceTree = "<group>"; };
		3D8BE1B32CECD2E800F88A2D /* TailleEcran.swift */ = {isa = PBXFileReference; lastKnownFileType = sourcecode.swift; path = TailleEcran.swift; sourceTree = "<group>"; };
		3D8BE1B52CECD34100F88A2D /* PagePrincipale.swift */ = {isa = PBXFileReference; lastKnownFileType = sourcecode.swift; path = PagePrincipale.swift; sourceTree = "<group>"; };
		3D8BE1B72CECD55A00F88A2D /* DegradeHaut.swift */ = {isa = PBXFileReference; lastKnownFileType = sourcecode.swift; path = DegradeHaut.swift; sourceTree = "<group>"; };
		3D8BE1BA2CECD59E00F88A2D /* BordureArrondie.swift */ = {isa = PBXFileReference; lastKnownFileType = sourcecode.swift; path = BordureArrondie.swift; sourceTree = "<group>"; };
		3D8BE1BC2CECE41100F88A2D /* CartoucheGlossaire.swift */ = {isa = PBXFileReference; lastKnownFileType = sourcecode.swift; path = CartoucheGlossaire.swift; sourceTree = "<group>"; };
		3D8BE1BF2CECF38600F88A2D /* TexteEnDate.swift */ = {isa = PBXFileReference; lastKnownFileType = sourcecode.swift; path = TexteEnDate.swift; sourceTree = "<group>"; };
		3D8BE1C12CEE265D00F88A2D /* SqueletteRangAttraction.swift */ = {isa = PBXFileReference; lastKnownFileType = sourcecode.swift; path = SqueletteRangAttraction.swift; sourceTree = "<group>"; };
		3DB753362CE8E40300F68412 /* APIDisneyland.swift */ = {isa = PBXFileReference; lastKnownFileType = sourcecode.swift; path = APIDisneyland.swift; sourceTree = "<group>"; };
		3DB753372CE8E40300F68412 /* Attraction.swift */ = {isa = PBXFileReference; lastKnownFileType = sourcecode.swift; path = Attraction.swift; sourceTree = "<group>"; };
		3DB753382CE8E40300F68412 /* NomParc.swift */ = {isa = PBXFileReference; lastKnownFileType = sourcecode.swift; path = NomParc.swift; sourceTree = "<group>"; };
		3DB753392CE8E40300F68412 /* RegistreAttractions.swift */ = {isa = PBXFileReference; lastKnownFileType = sourcecode.swift; path = RegistreAttractions.swift; sourceTree = "<group>"; };
		3DB7533A2CE8E40300F68412 /* NomUnivers.swift */ = {isa = PBXFileReference; lastKnownFileType = sourcecode.swift; path = NomUnivers.swift; sourceTree = "<group>"; };
		3DB7533C2CE8E40300F68412 /* Preview Assets.xcassets */ = {isa = PBXFileReference; lastKnownFileType = folder.assetcatalog; path = "Preview Assets.xcassets"; sourceTree = "<group>"; };
		3DB7533E2CE8E40300F68412 /* Assets.xcassets */ = {isa = PBXFileReference; lastKnownFileType = folder.assetcatalog; path = Assets.xcassets; sourceTree = "<group>"; };
		3DB7533F2CE8E40300F68412 /* ContentView.swift */ = {isa = PBXFileReference; lastKnownFileType = sourcecode.swift; path = ContentView.swift; sourceTree = "<group>"; };
		3DB753402CE8E40300F68412 /* Sidneyland.entitlements */ = {isa = PBXFileReference; lastKnownFileType = text.plist.entitlements; path = Sidneyland.entitlements; sourceTree = "<group>"; };
		3DB753412CE8E40300F68412 /* SidneylandApp.swift */ = {isa = PBXFileReference; lastKnownFileType = sourcecode.swift; path = SidneylandApp.swift; sourceTree = "<group>"; };
		3DEB25F22CEE9F3700639F80 /* PageDetailAttraction.swift */ = {isa = PBXFileReference; lastKnownFileType = sourcecode.swift; path = PageDetailAttraction.swift; sourceTree = "<group>"; };
		3DEB25F42CEEAC4600639F80 /* Flou.swift */ = {isa = PBXFileReference; lastKnownFileType = sourcecode.swift; path = Flou.swift; sourceTree = "<group>"; };
		3DEB25FC2CEEB5E000639F80 /* CouleurHEX.swift */ = {isa = PBXFileReference; lastKnownFileType = sourcecode.swift; path = CouleurHEX.swift; sourceTree = "<group>"; };
		3DEB25FE2CEEBB5D00639F80 /* BarreInformationsAttraction.swift */ = {isa = PBXFileReference; lastKnownFileType = sourcecode.swift; path = BarreInformationsAttraction.swift; sourceTree = "<group>"; };
		3DEB26022CEEBECA00639F80 /* DateEnTexte.swift */ = {isa = PBXFileReference; lastKnownFileType = sourcecode.swift; path = DateEnTexte.swift; sourceTree = "<group>"; };
		3DEB26042CEEBF6300639F80 /* CaseInformationAttraction.swift */ = {isa = PBXFileReference; lastKnownFileType = sourcecode.swift; path = CaseInformationAttraction.swift; sourceTree = "<group>"; };
/* End PBXFileReference section */

/* Begin PBXFileSystemSynchronizedRootGroup section */
		3D25D6D02C965D09003B2A5F /* SidneylandTests */ = {
			isa = PBXFileSystemSynchronizedRootGroup;
			path = SidneylandTests;
			sourceTree = "<group>";
		};
		3D25D6DA2C965D09003B2A5F /* SidneylandUITests */ = {
			isa = PBXFileSystemSynchronizedRootGroup;
			path = SidneylandUITests;
			sourceTree = "<group>";
		};
/* End PBXFileSystemSynchronizedRootGroup section */

/* Begin PBXFrameworksBuildPhase section */
		3D25D6B92C965D08003B2A5F /* Frameworks */ = {
			isa = PBXFrameworksBuildPhase;
			buildActionMask = 2147483647;
			files = (
			);
			runOnlyForDeploymentPostprocessing = 0;
		};
		3D25D6CA2C965D09003B2A5F /* Frameworks */ = {
			isa = PBXFrameworksBuildPhase;
			buildActionMask = 2147483647;
			files = (
			);
			runOnlyForDeploymentPostprocessing = 0;
		};
		3D25D6D42C965D09003B2A5F /* Frameworks */ = {
			isa = PBXFrameworksBuildPhase;
			buildActionMask = 2147483647;
			files = (
			);
			runOnlyForDeploymentPostprocessing = 0;
		};
/* End PBXFrameworksBuildPhase section */

/* Begin PBXGroup section */
		3D1588792CF28CBA0071CE2F /* PageCarte */ = {
			isa = PBXGroup;
			children = (
				3D15887A2CF28CC90071CE2F /* PageCarte.swift */,
			);
			path = PageCarte;
			sourceTree = "<group>";
		};
		3D25D6B32C965D08003B2A5F = {
			isa = PBXGroup;
			children = (
				3DB753422CE8E40300F68412 /* Sidneyland */,
				3D25D6D02C965D09003B2A5F /* SidneylandTests */,
				3D25D6DA2C965D09003B2A5F /* SidneylandUITests */,
				3D25D6BD2C965D08003B2A5F /* Products */,
			);
			sourceTree = "<group>";
		};
		3D25D6BD2C965D08003B2A5F /* Products */ = {
			isa = PBXGroup;
			children = (
				3D25D6BC2C965D08003B2A5F /* Sidneyland.app */,
				3D25D6CD2C965D09003B2A5F /* SidneylandTests.xctest */,
				3D25D6D72C965D09003B2A5F /* SidneylandUITests.xctest */,
			);
			name = Products;
			sourceTree = "<group>";
		};
		3D3610122CE9365A00FA9B9B /* API */ = {
			isa = PBXGroup;
			children = (
				3DB753362CE8E40300F68412 /* APIDisneyland.swift */,
				3D3610132CE9368600FA9B9B /* EnumsAPI.swift */,
			);
			path = API;
			sourceTree = "<group>";
		};
		3D8BE1962CEC094700F88A2D /* Vue */ = {
			isa = PBXGroup;
			children = (
				3DB7533F2CE8E40300F68412 /* ContentView.swift */,
				3DEB26002CEEBCED00639F80 /* PagePrincipal */,
				3DEB26012CEEBD0800639F80 /* PageDetailAttraction */,
				3D1588792CF28CBA0071CE2F /* PageCarte */,
				3D8BE19D2CEC1DF100F88A2D /* Composants */,
			);
			path = Vue;
			sourceTree = "<group>";
		};
		3D8BE1972CEC095200F88A2D /* VueModele */ = {
			isa = PBXGroup;
			children = (
				3D8BE1982CEC09E600F88A2D /* AppVM.swift */,
				3D8BE1B32CECD2E800F88A2D /* TailleEcran.swift */,
				3D8BE19B2CEC0A3200F88A2D /* GestionnaireAttractions.swift */,
			);
			path = VueModele;
			sourceTree = "<group>";
		};
		3D8BE19D2CEC1DF100F88A2D /* Composants */ = {
			isa = PBXGroup;
			children = (
				3D8BE1B72CECD55A00F88A2D /* DegradeHaut.swift */,
				3D51019A2CF0D3EC00129A2A /* IllustrationAttraction.swift */,
			);
			path = Composants;
			sourceTree = "<group>";
		};
		3D8BE1A62CEC24F800F88A2D /* Constantes */ = {
			isa = PBXGroup;
			children = (
				3D8BE1AB2CEC262000F88A2D /* Polices */,
				3D8BE1AC2CEC263800F88A2D /* Polices.swift */,
			);
			path = Constantes;
			sourceTree = "<group>";
		};
		3D8BE1AB2CEC262000F88A2D /* Polices */ = {
			isa = PBXGroup;
			children = (
				3D8BE1A72CEC261C00F88A2D /* Montserrat-Italic-VariableFont_wght.ttf */,
				3D8BE1A82CEC261C00F88A2D /* Montserrat-VariableFont_wght.ttf */,
			);
			path = Polices;
			sourceTree = "<group>";
		};
		3D8BE1B92CECD59000F88A2D /* Styles */ = {
			isa = PBXGroup;
			children = (
				3DEB25FC2CEEB5E000639F80 /* CouleurHEX.swift */,
				3D8BE1BA2CECD59E00F88A2D /* BordureArrondie.swift */,
				3DEB25F42CEEAC4600639F80 /* Flou.swift */,
			);
			path = Styles;
			sourceTree = "<group>";
		};
		3D8BE1BE2CECF37B00F88A2D /* Outils */ = {
			isa = PBXGroup;
			children = (
				3D8BE1BF2CECF38600F88A2D /* TexteEnDate.swift */,
				3DEB26022CEEBECA00639F80 /* DateEnTexte.swift */,
			);
			path = Outils;
			sourceTree = "<group>";
		};
		3DB7533B2CE8E40300F68412 /* Modele */ = {
			isa = PBXGroup;
			children = (
				3D3610122CE9365A00FA9B9B /* API */,
				3DB753372CE8E40300F68412 /* Attraction.swift */,
				3D36100E2CE9282000FA9B9B /* InformationsAttraction.swift */,
				3DB753392CE8E40300F68412 /* RegistreAttractions.swift */,
				3DB7533A2CE8E40300F68412 /* NomUnivers.swift */,
				3DB753382CE8E40300F68412 /* NomParc.swift */,
				3D3610102CE933DC00FA9B9B /* FonctionnementAttraction.swift */,
			);
			path = Modele;
			sourceTree = "<group>";
		};
		3DB7533D2CE8E40300F68412 /* Preview Content */ = {
			isa = PBXGroup;
			children = (
				3DB7533C2CE8E40300F68412 /* Preview Assets.xcassets */,
			);
			path = "Preview Content";
			sourceTree = "<group>";
		};
		3DB753422CE8E40300F68412 /* Sidneyland */ = {
			isa = PBXGroup;
			children = (
				3DB753412CE8E40300F68412 /* SidneylandApp.swift */,
				3D8BE1962CEC094700F88A2D /* Vue */,
				3D8BE1972CEC095200F88A2D /* VueModele */,
				3DB7533B2CE8E40300F68412 /* Modele */,
				3D8BE1B92CECD59000F88A2D /* Styles */,
				3D8BE1BE2CECF37B00F88A2D /* Outils */,
				3D8BE1A62CEC24F800F88A2D /* Constantes */,
				3DB7533E2CE8E40300F68412 /* Assets.xcassets */,
				3DB753402CE8E40300F68412 /* Sidneyland.entitlements */,
				3D8BE1AE2CEC265F00F88A2D /* Info.plist */,
				3DB7533D2CE8E40300F68412 /* Preview Content */,
			);
			path = Sidneyland;
			sourceTree = "<group>";
		};
		3DEB26002CEEBCED00639F80 /* PagePrincipal */ = {
			isa = PBXGroup;
			children = (
				3D8BE1B52CECD34100F88A2D /* PagePrincipale.swift */,
				3D8BE1AF2CEC2A4000F88A2D /* RangAttraction.swift */,
				3D8BE1C12CEE265D00F88A2D /* SqueletteRangAttraction.swift */,
				3D8BE1B12CECCFED00F88A2D /* PatronPagePrincipale.swift */,
				3D8BE19E2CEC1E0600F88A2D /* IndicateurAttente.swift */,
				3D8BE1BC2CECE41100F88A2D /* CartoucheGlossaire.swift */,
			);
			path = PagePrincipal;
			sourceTree = "<group>";
		};
		3DEB26012CEEBD0800639F80 /* PageDetailAttraction */ = {
			isa = PBXGroup;
			children = (
				3DEB25F22CEE9F3700639F80 /* PageDetailAttraction.swift */,
				3DEB25FE2CEEBB5D00639F80 /* BarreInformationsAttraction.swift */,
				3DEB26042CEEBF6300639F80 /* CaseInformationAttraction.swift */,
			);
			path = PageDetailAttraction;
			sourceTree = "<group>";
		};
/* End PBXGroup section */

/* Begin PBXNativeTarget section */
		3D25D6BB2C965D08003B2A5F /* Sidneyland */ = {
			isa = PBXNativeTarget;
			buildConfigurationList = 3D25D6E12C965D09003B2A5F /* Build configuration list for PBXNativeTarget "Sidneyland" */;
			buildPhases = (
				3D25D6B82C965D08003B2A5F /* Sources */,
				3D25D6B92C965D08003B2A5F /* Frameworks */,
				3D25D6BA2C965D08003B2A5F /* Resources */,
			);
			buildRules = (
			);
			dependencies = (
			);
			name = Sidneyland;
			packageProductDependencies = (
			);
			productName = Sidneyland;
			productReference = 3D25D6BC2C965D08003B2A5F /* Sidneyland.app */;
			productType = "com.apple.product-type.application";
		};
		3D25D6CC2C965D09003B2A5F /* SidneylandTests */ = {
			isa = PBXNativeTarget;
			buildConfigurationList = 3D25D6E42C965D09003B2A5F /* Build configuration list for PBXNativeTarget "SidneylandTests" */;
			buildPhases = (
				3D25D6C92C965D09003B2A5F /* Sources */,
				3D25D6CA2C965D09003B2A5F /* Frameworks */,
				3D25D6CB2C965D09003B2A5F /* Resources */,
			);
			buildRules = (
			);
			dependencies = (
				3D25D6CF2C965D09003B2A5F /* PBXTargetDependency */,
			);
			fileSystemSynchronizedGroups = (
				3D25D6D02C965D09003B2A5F /* SidneylandTests */,
			);
			name = SidneylandTests;
			packageProductDependencies = (
			);
			productName = SidneylandTests;
			productReference = 3D25D6CD2C965D09003B2A5F /* SidneylandTests.xctest */;
			productType = "com.apple.product-type.bundle.unit-test";
		};
		3D25D6D62C965D09003B2A5F /* SidneylandUITests */ = {
			isa = PBXNativeTarget;
			buildConfigurationList = 3D25D6E72C965D09003B2A5F /* Build configuration list for PBXNativeTarget "SidneylandUITests" */;
			buildPhases = (
				3D25D6D32C965D09003B2A5F /* Sources */,
				3D25D6D42C965D09003B2A5F /* Frameworks */,
				3D25D6D52C965D09003B2A5F /* Resources */,
			);
			buildRules = (
			);
			dependencies = (
				3D25D6D92C965D09003B2A5F /* PBXTargetDependency */,
			);
			fileSystemSynchronizedGroups = (
				3D25D6DA2C965D09003B2A5F /* SidneylandUITests */,
			);
			name = SidneylandUITests;
			packageProductDependencies = (
			);
			productName = SidneylandUITests;
			productReference = 3D25D6D72C965D09003B2A5F /* SidneylandUITests.xctest */;
			productType = "com.apple.product-type.bundle.ui-testing";
		};
/* End PBXNativeTarget section */

/* Begin PBXProject section */
		3D25D6B42C965D08003B2A5F /* Project object */ = {
			isa = PBXProject;
			attributes = {
				BuildIndependentTargetsInParallel = 1;
				LastSwiftUpdateCheck = 1610;
				LastUpgradeCheck = 1610;
				TargetAttributes = {
					3D25D6BB2C965D08003B2A5F = {
						CreatedOnToolsVersion = 16.1;
					};
					3D25D6CC2C965D09003B2A5F = {
						CreatedOnToolsVersion = 16.1;
						TestTargetID = 3D25D6BB2C965D08003B2A5F;
					};
					3D25D6D62C965D09003B2A5F = {
						CreatedOnToolsVersion = 16.1;
						TestTargetID = 3D25D6BB2C965D08003B2A5F;
					};
				};
			};
			buildConfigurationList = 3D25D6B72C965D08003B2A5F /* Build configuration list for PBXProject "Sidneyland" */;
			developmentRegion = en;
			hasScannedForEncodings = 0;
			knownRegions = (
				en,
				Base,
			);
			mainGroup = 3D25D6B32C965D08003B2A5F;
			minimizedProjectReferenceProxies = 1;
			preferredProjectObjectVersion = 77;
			productRefGroup = 3D25D6BD2C965D08003B2A5F /* Products */;
			projectDirPath = "";
			projectRoot = "";
			targets = (
				3D25D6BB2C965D08003B2A5F /* Sidneyland */,
				3D25D6CC2C965D09003B2A5F /* SidneylandTests */,
				3D25D6D62C965D09003B2A5F /* SidneylandUITests */,
			);
		};
/* End PBXProject section */

/* Begin PBXResourcesBuildPhase section */
		3D25D6BA2C965D08003B2A5F /* Resources */ = {
			isa = PBXResourcesBuildPhase;
			buildActionMask = 2147483647;
			files = (
				3DB7534A2CE8E40300F68412 /* Preview Assets.xcassets in Resources */,
				3DB7534B2CE8E40300F68412 /* Assets.xcassets in Resources */,
				3D8BE1A92CEC261C00F88A2D /* Montserrat-Italic-VariableFont_wght.ttf in Resources */,
				3D8BE1AA2CEC261C00F88A2D /* Montserrat-VariableFont_wght.ttf in Resources */,
			);
			runOnlyForDeploymentPostprocessing = 0;
		};
		3D25D6CB2C965D09003B2A5F /* Resources */ = {
			isa = PBXResourcesBuildPhase;
			buildActionMask = 2147483647;
			files = (
			);
			runOnlyForDeploymentPostprocessing = 0;
		};
		3D25D6D52C965D09003B2A5F /* Resources */ = {
			isa = PBXResourcesBuildPhase;
			buildActionMask = 2147483647;
			files = (
			);
			runOnlyForDeploymentPostprocessing = 0;
		};
/* End PBXResourcesBuildPhase section */

/* Begin PBXSourcesBuildPhase section */
		3D25D6B82C965D08003B2A5F /* Sources */ = {
			isa = PBXSourcesBuildPhase;
			buildActionMask = 2147483647;
			files = (
				3D8BE19C2CEC0A3200F88A2D /* GestionnaireAttractions.swift in Sources */,
				3DEB26052CEEBF6300639F80 /* CaseInformationAttraction.swift in Sources */,
				3D8BE1C02CECF38600F88A2D /* TexteEnDate.swift in Sources */,
				3D8BE1B62CECD34100F88A2D /* PagePrincipale.swift in Sources */,
				3D8BE1B02CEC2A4000F88A2D /* RangAttraction.swift in Sources */,
				3DB753432CE8E40300F68412 /* APIDisneyland.swift in Sources */,
				3D3610112CE933DC00FA9B9B /* FonctionnementAttraction.swift in Sources */,
				3D8BE1BD2CECE41100F88A2D /* CartoucheGlossaire.swift in Sources */,
				3D51019B2CF0D3EC00129A2A /* IllustrationAttraction.swift in Sources */,
				3D8BE1AD2CEC263800F88A2D /* Polices.swift in Sources */,
				3DB753442CE8E40300F68412 /* Attraction.swift in Sources */,
				3DB753452CE8E40300F68412 /* NomParc.swift in Sources */,
				3D8BE1992CEC09E600F88A2D /* AppVM.swift in Sources */,
				3DEB26032CEEBECA00639F80 /* DateEnTexte.swift in Sources */,
				3DB753462CE8E40300F68412 /* RegistreAttractions.swift in Sources */,
				3DB753472CE8E40300F68412 /* NomUnivers.swift in Sources */,
				3DEB25FF2CEEBB5D00639F80 /* BarreInformationsAttraction.swift in Sources */,
				3DEB25FD2CEEB5E000639F80 /* CouleurHEX.swift in Sources */,
				3D8BE1BB2CECD59E00F88A2D /* BordureArrondie.swift in Sources */,
				3DEB25F32CEE9F3700639F80 /* PageDetailAttraction.swift in Sources */,
				3D8BE1B42CECD2E800F88A2D /* TailleEcran.swift in Sources */,
				3DEB25F52CEEAC4A00639F80 /* Flou.swift in Sources */,
				3DB753482CE8E40300F68412 /* ContentView.swift in Sources */,
				3D15887B2CF28CC90071CE2F /* PageCarte.swift in Sources */,
				3D8BE19F2CEC1E0600F88A2D /* IndicateurAttente.swift in Sources */,
				3D8BE1B82CECD55A00F88A2D /* DegradeHaut.swift in Sources */,
				3D36100F2CE9282000FA9B9B /* InformationsAttraction.swift in Sources */,
				3D8BE1B22CECCFED00F88A2D /* PatronPagePrincipale.swift in Sources */,
				3D8BE1C22CEE265D00F88A2D /* SqueletteRangAttraction.swift in Sources */,
				3DB753492CE8E40300F68412 /* SidneylandApp.swift in Sources */,
				3D3610142CE9368600FA9B9B /* EnumsAPI.swift in Sources */,
			);
			runOnlyForDeploymentPostprocessing = 0;
		};
		3D25D6C92C965D09003B2A5F /* Sources */ = {
			isa = PBXSourcesBuildPhase;
			buildActionMask = 2147483647;
			files = (
			);
			runOnlyForDeploymentPostprocessing = 0;
		};
		3D25D6D32C965D09003B2A5F /* Sources */ = {
			isa = PBXSourcesBuildPhase;
			buildActionMask = 2147483647;
			files = (
			);
			runOnlyForDeploymentPostprocessing = 0;
		};
/* End PBXSourcesBuildPhase section */

/* Begin PBXTargetDependency section */
		3D25D6CF2C965D09003B2A5F /* PBXTargetDependency */ = {
			isa = PBXTargetDependency;
			target = 3D25D6BB2C965D08003B2A5F /* Sidneyland */;
			targetProxy = 3D25D6CE2C965D09003B2A5F /* PBXContainerItemProxy */;
		};
		3D25D6D92C965D09003B2A5F /* PBXTargetDependency */ = {
			isa = PBXTargetDependency;
			target = 3D25D6BB2C965D08003B2A5F /* Sidneyland */;
			targetProxy = 3D25D6D82C965D09003B2A5F /* PBXContainerItemProxy */;
		};
/* End PBXTargetDependency section */

/* Begin XCBuildConfiguration section */
		3D25D6DF2C965D09003B2A5F /* Debug */ = {
			isa = XCBuildConfiguration;
			buildSettings = {
				ALWAYS_SEARCH_USER_PATHS = NO;
				ASSETCATALOG_COMPILER_GENERATE_SWIFT_ASSET_SYMBOL_EXTENSIONS = YES;
				CLANG_ANALYZER_NONNULL = YES;
				CLANG_ANALYZER_NUMBER_OBJECT_CONVERSION = YES_AGGRESSIVE;
				CLANG_CXX_LANGUAGE_STANDARD = "gnu++20";
				CLANG_ENABLE_MODULES = YES;
				CLANG_ENABLE_OBJC_ARC = YES;
				CLANG_ENABLE_OBJC_WEAK = YES;
				CLANG_WARN_BLOCK_CAPTURE_AUTORELEASING = YES;
				CLANG_WARN_BOOL_CONVERSION = YES;
				CLANG_WARN_COMMA = YES;
				CLANG_WARN_CONSTANT_CONVERSION = YES;
				CLANG_WARN_DEPRECATED_OBJC_IMPLEMENTATIONS = YES;
				CLANG_WARN_DIRECT_OBJC_ISA_USAGE = YES_ERROR;
				CLANG_WARN_DOCUMENTATION_COMMENTS = YES;
				CLANG_WARN_EMPTY_BODY = YES;
				CLANG_WARN_ENUM_CONVERSION = YES;
				CLANG_WARN_INFINITE_RECURSION = YES;
				CLANG_WARN_INT_CONVERSION = YES;
				CLANG_WARN_NON_LITERAL_NULL_CONVERSION = YES;
				CLANG_WARN_OBJC_IMPLICIT_RETAIN_SELF = YES;
				CLANG_WARN_OBJC_LITERAL_CONVERSION = YES;
				CLANG_WARN_OBJC_ROOT_CLASS = YES_ERROR;
				CLANG_WARN_QUOTED_INCLUDE_IN_FRAMEWORK_HEADER = YES;
				CLANG_WARN_RANGE_LOOP_ANALYSIS = YES;
				CLANG_WARN_STRICT_PROTOTYPES = YES;
				CLANG_WARN_SUSPICIOUS_MOVE = YES;
				CLANG_WARN_UNGUARDED_AVAILABILITY = YES_AGGRESSIVE;
				CLANG_WARN_UNREACHABLE_CODE = YES;
				CLANG_WARN__DUPLICATE_METHOD_MATCH = YES;
				COPY_PHASE_STRIP = NO;
				DEBUG_INFORMATION_FORMAT = dwarf;
				ENABLE_STRICT_OBJC_MSGSEND = YES;
				ENABLE_TESTABILITY = YES;
				ENABLE_USER_SCRIPT_SANDBOXING = YES;
				GCC_C_LANGUAGE_STANDARD = gnu17;
				GCC_DYNAMIC_NO_PIC = NO;
				GCC_NO_COMMON_BLOCKS = YES;
				GCC_OPTIMIZATION_LEVEL = 0;
				GCC_PREPROCESSOR_DEFINITIONS = (
					"DEBUG=1",
					"$(inherited)",
				);
				GCC_WARN_64_TO_32_BIT_CONVERSION = YES;
				GCC_WARN_ABOUT_RETURN_TYPE = YES_ERROR;
				GCC_WARN_UNDECLARED_SELECTOR = YES;
				GCC_WARN_UNINITIALIZED_AUTOS = YES_AGGRESSIVE;
				GCC_WARN_UNUSED_FUNCTION = YES;
				GCC_WARN_UNUSED_VARIABLE = YES;
				LOCALIZATION_PREFERS_STRING_CATALOGS = YES;
				MTL_ENABLE_DEBUG_INFO = INCLUDE_SOURCE;
				MTL_FAST_MATH = YES;
				ONLY_ACTIVE_ARCH = YES;
				SWIFT_ACTIVE_COMPILATION_CONDITIONS = "DEBUG $(inherited)";
				SWIFT_OPTIMIZATION_LEVEL = "-Onone";
			};
			name = Debug;
		};
		3D25D6E02C965D09003B2A5F /* Release */ = {
			isa = XCBuildConfiguration;
			buildSettings = {
				ALWAYS_SEARCH_USER_PATHS = NO;
				ASSETCATALOG_COMPILER_GENERATE_SWIFT_ASSET_SYMBOL_EXTENSIONS = YES;
				CLANG_ANALYZER_NONNULL = YES;
				CLANG_ANALYZER_NUMBER_OBJECT_CONVERSION = YES_AGGRESSIVE;
				CLANG_CXX_LANGUAGE_STANDARD = "gnu++20";
				CLANG_ENABLE_MODULES = YES;
				CLANG_ENABLE_OBJC_ARC = YES;
				CLANG_ENABLE_OBJC_WEAK = YES;
				CLANG_WARN_BLOCK_CAPTURE_AUTORELEASING = YES;
				CLANG_WARN_BOOL_CONVERSION = YES;
				CLANG_WARN_COMMA = YES;
				CLANG_WARN_CONSTANT_CONVERSION = YES;
				CLANG_WARN_DEPRECATED_OBJC_IMPLEMENTATIONS = YES;
				CLANG_WARN_DIRECT_OBJC_ISA_USAGE = YES_ERROR;
				CLANG_WARN_DOCUMENTATION_COMMENTS = YES;
				CLANG_WARN_EMPTY_BODY = YES;
				CLANG_WARN_ENUM_CONVERSION = YES;
				CLANG_WARN_INFINITE_RECURSION = YES;
				CLANG_WARN_INT_CONVERSION = YES;
				CLANG_WARN_NON_LITERAL_NULL_CONVERSION = YES;
				CLANG_WARN_OBJC_IMPLICIT_RETAIN_SELF = YES;
				CLANG_WARN_OBJC_LITERAL_CONVERSION = YES;
				CLANG_WARN_OBJC_ROOT_CLASS = YES_ERROR;
				CLANG_WARN_QUOTED_INCLUDE_IN_FRAMEWORK_HEADER = YES;
				CLANG_WARN_RANGE_LOOP_ANALYSIS = YES;
				CLANG_WARN_STRICT_PROTOTYPES = YES;
				CLANG_WARN_SUSPICIOUS_MOVE = YES;
				CLANG_WARN_UNGUARDED_AVAILABILITY = YES_AGGRESSIVE;
				CLANG_WARN_UNREACHABLE_CODE = YES;
				CLANG_WARN__DUPLICATE_METHOD_MATCH = YES;
				COPY_PHASE_STRIP = NO;
				DEBUG_INFORMATION_FORMAT = "dwarf-with-dsym";
				ENABLE_NS_ASSERTIONS = NO;
				ENABLE_STRICT_OBJC_MSGSEND = YES;
				ENABLE_USER_SCRIPT_SANDBOXING = YES;
				GCC_C_LANGUAGE_STANDARD = gnu17;
				GCC_NO_COMMON_BLOCKS = YES;
				GCC_WARN_64_TO_32_BIT_CONVERSION = YES;
				GCC_WARN_ABOUT_RETURN_TYPE = YES_ERROR;
				GCC_WARN_UNDECLARED_SELECTOR = YES;
				GCC_WARN_UNINITIALIZED_AUTOS = YES_AGGRESSIVE;
				GCC_WARN_UNUSED_FUNCTION = YES;
				GCC_WARN_UNUSED_VARIABLE = YES;
				LOCALIZATION_PREFERS_STRING_CATALOGS = YES;
				MTL_ENABLE_DEBUG_INFO = NO;
				MTL_FAST_MATH = YES;
				SWIFT_COMPILATION_MODE = wholemodule;
			};
			name = Release;
		};
		3D25D6E22C965D09003B2A5F /* Debug */ = {
			isa = XCBuildConfiguration;
			buildSettings = {
				ASSETCATALOG_COMPILER_APPICON_NAME = AppIcon;
				ASSETCATALOG_COMPILER_GLOBAL_ACCENT_COLOR_NAME = AccentColor;
				CODE_SIGN_ENTITLEMENTS = Sidneyland/Sidneyland.entitlements;
				CODE_SIGN_STYLE = Automatic;
				CURRENT_PROJECT_VERSION = 1;
				DEVELOPMENT_ASSET_PATHS = "\"Sidneyland/Preview Content\"";
				DEVELOPMENT_TEAM = BK8PRMYFUA;
				ENABLE_HARDENED_RUNTIME = YES;
				ENABLE_PREVIEWS = YES;
				GENERATE_INFOPLIST_FILE = YES;
				INFOPLIST_FILE = Sidneyland/Info.plist;
				"INFOPLIST_KEY_UIApplicationSceneManifest_Generation[sdk=iphoneos*]" = YES;
				"INFOPLIST_KEY_UIApplicationSceneManifest_Generation[sdk=iphonesimulator*]" = YES;
				"INFOPLIST_KEY_UIApplicationSupportsIndirectInputEvents[sdk=iphoneos*]" = YES;
				"INFOPLIST_KEY_UIApplicationSupportsIndirectInputEvents[sdk=iphonesimulator*]" = YES;
				"INFOPLIST_KEY_UILaunchScreen_Generation[sdk=iphoneos*]" = YES;
				"INFOPLIST_KEY_UILaunchScreen_Generation[sdk=iphonesimulator*]" = YES;
				"INFOPLIST_KEY_UIStatusBarStyle[sdk=iphoneos*]" = UIStatusBarStyleDefault;
				"INFOPLIST_KEY_UIStatusBarStyle[sdk=iphonesimulator*]" = UIStatusBarStyleDefault;
				INFOPLIST_KEY_UISupportedInterfaceOrientations = "UIInterfaceOrientationPortrait UIInterfaceOrientationPortraitUpsideDown";
				INFOPLIST_KEY_UISupportedInterfaceOrientations_iPad = "UIInterfaceOrientationLandscapeLeft UIInterfaceOrientationLandscapeRight UIInterfaceOrientationPortrait UIInterfaceOrientationPortraitUpsideDown";
				IPHONEOS_DEPLOYMENT_TARGET = 18.0;
				LD_RUNPATH_SEARCH_PATHS = "@executable_path/Frameworks";
				"LD_RUNPATH_SEARCH_PATHS[sdk=macosx*]" = "@executable_path/../Frameworks";
				MACOSX_DEPLOYMENT_TARGET = 15.0;
				MARKETING_VERSION = 0.2;
				PRODUCT_BUNDLE_IDENTIFIER = com.thomaslebonnec.Sidneyland;
				PRODUCT_NAME = "$(TARGET_NAME)";
				SDKROOT = auto;
				SUPPORTED_PLATFORMS = "iphoneos iphonesimulator macosx xros xrsimulator";
				SWIFT_EMIT_LOC_STRINGS = YES;
				SWIFT_VERSION = 5.0;
				TARGETED_DEVICE_FAMILY = "1,2,7";
				XROS_DEPLOYMENT_TARGET = 2.0;
			};
			name = Debug;
		};
		3D25D6E32C965D09003B2A5F /* Release */ = {
			isa = XCBuildConfiguration;
			buildSettings = {
				ASSETCATALOG_COMPILER_APPICON_NAME = AppIcon;
				ASSETCATALOG_COMPILER_GLOBAL_ACCENT_COLOR_NAME = AccentColor;
				CODE_SIGN_ENTITLEMENTS = Sidneyland/Sidneyland.entitlements;
				CODE_SIGN_STYLE = Automatic;
				CURRENT_PROJECT_VERSION = 1;
				DEVELOPMENT_ASSET_PATHS = "\"Sidneyland/Preview Content\"";
				DEVELOPMENT_TEAM = BK8PRMYFUA;
				ENABLE_HARDENED_RUNTIME = YES;
				ENABLE_PREVIEWS = YES;
				GENERATE_INFOPLIST_FILE = YES;
				INFOPLIST_FILE = Sidneyland/Info.plist;
				"INFOPLIST_KEY_UIApplicationSceneManifest_Generation[sdk=iphoneos*]" = YES;
				"INFOPLIST_KEY_UIApplicationSceneManifest_Generation[sdk=iphonesimulator*]" = YES;
				"INFOPLIST_KEY_UIApplicationSupportsIndirectInputEvents[sdk=iphoneos*]" = YES;
				"INFOPLIST_KEY_UIApplicationSupportsIndirectInputEvents[sdk=iphonesimulator*]" = YES;
				"INFOPLIST_KEY_UILaunchScreen_Generation[sdk=iphoneos*]" = YES;
				"INFOPLIST_KEY_UILaunchScreen_Generation[sdk=iphonesimulator*]" = YES;
				"INFOPLIST_KEY_UIStatusBarStyle[sdk=iphoneos*]" = UIStatusBarStyleDefault;
				"INFOPLIST_KEY_UIStatusBarStyle[sdk=iphonesimulator*]" = UIStatusBarStyleDefault;
				INFOPLIST_KEY_UISupportedInterfaceOrientations = "UIInterfaceOrientationPortrait UIInterfaceOrientationPortraitUpsideDown";
				INFOPLIST_KEY_UISupportedInterfaceOrientations_iPad = "UIInterfaceOrientationLandscapeLeft UIInterfaceOrientationLandscapeRight UIInterfaceOrientationPortrait UIInterfaceOrientationPortraitUpsideDown";
				IPHONEOS_DEPLOYMENT_TARGET = 18.0;
				LD_RUNPATH_SEARCH_PATHS = "@executable_path/Frameworks";
				"LD_RUNPATH_SEARCH_PATHS[sdk=macosx*]" = "@executable_path/../Frameworks";
				MACOSX_DEPLOYMENT_TARGET = 15.0;
				MARKETING_VERSION = 0.2;
				PRODUCT_BUNDLE_IDENTIFIER = com.thomaslebonnec.Sidneyland;
				PRODUCT_NAME = "$(TARGET_NAME)";
				SDKROOT = auto;
				SUPPORTED_PLATFORMS = "iphoneos iphonesimulator macosx xros xrsimulator";
				SWIFT_EMIT_LOC_STRINGS = YES;
				SWIFT_VERSION = 5.0;
				TARGETED_DEVICE_FAMILY = "1,2,7";
				XROS_DEPLOYMENT_TARGET = 2.0;
			};
			name = Release;
		};
		3D25D6E52C965D09003B2A5F /* Debug */ = {
			isa = XCBuildConfiguration;
			buildSettings = {
				BUNDLE_LOADER = "$(TEST_HOST)";
				CODE_SIGN_STYLE = Automatic;
				CURRENT_PROJECT_VERSION = 1;
				DEVELOPMENT_TEAM = BK8PRMYFUA;
				GENERATE_INFOPLIST_FILE = YES;
				IPHONEOS_DEPLOYMENT_TARGET = 18.1;
				MACOSX_DEPLOYMENT_TARGET = 15.1;
				MARKETING_VERSION = 1.0;
				PRODUCT_BUNDLE_IDENTIFIER = com.thomaslebonnec.SidneylandTests;
				PRODUCT_NAME = "$(TARGET_NAME)";
				SDKROOT = auto;
				SUPPORTED_PLATFORMS = "iphoneos iphonesimulator macosx xros xrsimulator";
				SWIFT_EMIT_LOC_STRINGS = NO;
				SWIFT_VERSION = 5.0;
				TARGETED_DEVICE_FAMILY = "1,2,7";
				TEST_HOST = "$(BUILT_PRODUCTS_DIR)/Sidneyland.app/$(BUNDLE_EXECUTABLE_FOLDER_PATH)/Sidneyland";
				XROS_DEPLOYMENT_TARGET = 2.0;
			};
			name = Debug;
		};
		3D25D6E62C965D09003B2A5F /* Release */ = {
			isa = XCBuildConfiguration;
			buildSettings = {
				BUNDLE_LOADER = "$(TEST_HOST)";
				CODE_SIGN_STYLE = Automatic;
				CURRENT_PROJECT_VERSION = 1;
				DEVELOPMENT_TEAM = BK8PRMYFUA;
				GENERATE_INFOPLIST_FILE = YES;
				IPHONEOS_DEPLOYMENT_TARGET = 18.1;
				MACOSX_DEPLOYMENT_TARGET = 15.1;
				MARKETING_VERSION = 1.0;
				PRODUCT_BUNDLE_IDENTIFIER = com.thomaslebonnec.SidneylandTests;
				PRODUCT_NAME = "$(TARGET_NAME)";
				SDKROOT = auto;
				SUPPORTED_PLATFORMS = "iphoneos iphonesimulator macosx xros xrsimulator";
				SWIFT_EMIT_LOC_STRINGS = NO;
				SWIFT_VERSION = 5.0;
				TARGETED_DEVICE_FAMILY = "1,2,7";
				TEST_HOST = "$(BUILT_PRODUCTS_DIR)/Sidneyland.app/$(BUNDLE_EXECUTABLE_FOLDER_PATH)/Sidneyland";
				XROS_DEPLOYMENT_TARGET = 2.0;
			};
			name = Release;
		};
		3D25D6E82C965D09003B2A5F /* Debug */ = {
			isa = XCBuildConfiguration;
			buildSettings = {
				CODE_SIGN_STYLE = Automatic;
				CURRENT_PROJECT_VERSION = 1;
				DEVELOPMENT_TEAM = BK8PRMYFUA;
				GENERATE_INFOPLIST_FILE = YES;
				IPHONEOS_DEPLOYMENT_TARGET = 18.1;
				MACOSX_DEPLOYMENT_TARGET = 15.1;
				MARKETING_VERSION = 1.0;
				PRODUCT_BUNDLE_IDENTIFIER = com.thomaslebonnec.SidneylandUITests;
				PRODUCT_NAME = "$(TARGET_NAME)";
				SDKROOT = auto;
				SUPPORTED_PLATFORMS = "iphoneos iphonesimulator macosx xros xrsimulator";
				SWIFT_EMIT_LOC_STRINGS = NO;
				SWIFT_VERSION = 5.0;
				TARGETED_DEVICE_FAMILY = "1,2,7";
				TEST_TARGET_NAME = Sidneyland;
				XROS_DEPLOYMENT_TARGET = 2.0;
			};
			name = Debug;
		};
		3D25D6E92C965D09003B2A5F /* Release */ = {
			isa = XCBuildConfiguration;
			buildSettings = {
				CODE_SIGN_STYLE = Automatic;
				CURRENT_PROJECT_VERSION = 1;
				DEVELOPMENT_TEAM = BK8PRMYFUA;
				GENERATE_INFOPLIST_FILE = YES;
				IPHONEOS_DEPLOYMENT_TARGET = 18.1;
				MACOSX_DEPLOYMENT_TARGET = 15.1;
				MARKETING_VERSION = 1.0;
				PRODUCT_BUNDLE_IDENTIFIER = com.thomaslebonnec.SidneylandUITests;
				PRODUCT_NAME = "$(TARGET_NAME)";
				SDKROOT = auto;
				SUPPORTED_PLATFORMS = "iphoneos iphonesimulator macosx xros xrsimulator";
				SWIFT_EMIT_LOC_STRINGS = NO;
				SWIFT_VERSION = 5.0;
				TARGETED_DEVICE_FAMILY = "1,2,7";
				TEST_TARGET_NAME = Sidneyland;
				XROS_DEPLOYMENT_TARGET = 2.0;
			};
			name = Release;
		};
/* End XCBuildConfiguration section */

/* Begin XCConfigurationList section */
		3D25D6B72C965D08003B2A5F /* Build configuration list for PBXProject "Sidneyland" */ = {
			isa = XCConfigurationList;
			buildConfigurations = (
				3D25D6DF2C965D09003B2A5F /* Debug */,
				3D25D6E02C965D09003B2A5F /* Release */,
			);
			defaultConfigurationIsVisible = 0;
			defaultConfigurationName = Release;
		};
		3D25D6E12C965D09003B2A5F /* Build configuration list for PBXNativeTarget "Sidneyland" */ = {
			isa = XCConfigurationList;
			buildConfigurations = (
				3D25D6E22C965D09003B2A5F /* Debug */,
				3D25D6E32C965D09003B2A5F /* Release */,
			);
			defaultConfigurationIsVisible = 0;
			defaultConfigurationName = Release;
		};
		3D25D6E42C965D09003B2A5F /* Build configuration list for PBXNativeTarget "SidneylandTests" */ = {
			isa = XCConfigurationList;
			buildConfigurations = (
				3D25D6E52C965D09003B2A5F /* Debug */,
				3D25D6E62C965D09003B2A5F /* Release */,
			);
			defaultConfigurationIsVisible = 0;
			defaultConfigurationName = Release;
		};
		3D25D6E72C965D09003B2A5F /* Build configuration list for PBXNativeTarget "SidneylandUITests" */ = {
			isa = XCConfigurationList;
			buildConfigurations = (
				3D25D6E82C965D09003B2A5F /* Debug */,
				3D25D6E92C965D09003B2A5F /* Release */,
			);
			defaultConfigurationIsVisible = 0;
			defaultConfigurationName = Release;
		};
/* End XCConfigurationList section */
	};
	rootObject = 3D25D6B42C965D08003B2A5F /* Project object */;
}
