// !$*UTF8*$!
{
	archiveVersion = 1;
	classes = {
	};
	objectVersion = 77;
	objects = {

/* Begin PBXBuildFile section */
		3D1588B92CF535D10071CE2F /* PageCarte.swift in Sources */ = {isa = PBXBuildFile; fileRef = 3D1588B82CF535D10071CE2F /* PageCarte.swift */; };
		3D1588FF2CF8CC370071CE2F /* EnvironnementTransition.swift in Sources */ = {isa = PBXBuildFile; fileRef = 3D1588FE2CF8CC370071CE2F /* EnvironnementTransition.swift */; };
		3D1589022CF8CCC20071CE2F /* TransitionModale.swift in Sources */ = {isa = PBXBuildFile; fileRef = 3D1589012CF8CCC20071CE2F /* TransitionModale.swift */; };
		3D1589042CF8CD6A0071CE2F /* TransitionInvisible.swift in Sources */ = {isa = PBXBuildFile; fileRef = 3D1589032CF8CD6A0071CE2F /* TransitionInvisible.swift */; };
		3D1589072CF8CE4A0071CE2F /* Animations.swift in Sources */ = {isa = PBXBuildFile; fileRef = 3D1589062CF8CE4A0071CE2F /* Animations.swift */; };
		3D15890E2CF914590071CE2F /* Array+Extensions.swift in Sources */ = {isa = PBXBuildFile; fileRef = 3D15890D2CF914590071CE2F /* Array+Extensions.swift */; };
		3D1589172CF922CF0071CE2F /* SelectionOnglet.swift in Sources */ = {isa = PBXBuildFile; fileRef = 3D1589162CF922CF0071CE2F /* SelectionOnglet.swift */; };
		3D1589192CF929440071CE2F /* LazyView.swift in Sources */ = {isa = PBXBuildFile; fileRef = 3D1589182CF929440071CE2F /* LazyView.swift */; };
		3D15891B2CF940790071CE2F /* TissuCarte.swift in Sources */ = {isa = PBXBuildFile; fileRef = 3D15891A2CF940790071CE2F /* TissuCarte.swift */; };
		3D15E7F62E9440A800616BAC /* CarteGroupe.swift in Sources */ = {isa = PBXBuildFile; fileRef = 3D15E7F52E9440A800616BAC /* CarteGroupe.swift */; };
		3D15E7FE2E94657100616BAC /* StyleSectionAttractions.swift in Sources */ = {isa = PBXBuildFile; fileRef = 3D15E7FD2E94657100616BAC /* StyleSectionAttractions.swift */; };
		3D15E8002E94670A00616BAC /* ConfigurationSectionAttractions.swift in Sources */ = {isa = PBXBuildFile; fileRef = 3D15E7FF2E94670A00616BAC /* ConfigurationSectionAttractions.swift */; };
		3D15E8022E946A2E00616BAC /* ModificateursSectionsAttractions.swift in Sources */ = {isa = PBXBuildFile; fileRef = 3D15E8012E946A2E00616BAC /* ModificateursSectionsAttractions.swift */; };
		3D15E8052E94720E00616BAC /* StyleSectionCartesAttractions.swift in Sources */ = {isa = PBXBuildFile; fileRef = 3D15E8042E94720E00616BAC /* StyleSectionCartesAttractions.swift */; };
		3D15E8072E94727500616BAC /* TitreSectionAttractions.swift in Sources */ = {isa = PBXBuildFile; fileRef = 3D15E8062E94727500616BAC /* TitreSectionAttractions.swift */; };
		3D15E8092E94767300616BAC /* ModificateursPageDetailSection.swift in Sources */ = {isa = PBXBuildFile; fileRef = 3D15E8082E94767300616BAC /* ModificateursPageDetailSection.swift */; };
		3D15E80B2E947C2900616BAC /* StyleSectionRangsAttractions.swift in Sources */ = {isa = PBXBuildFile; fileRef = 3D15E80A2E947C2900616BAC /* StyleSectionRangsAttractions.swift */; };
		3D36100F2CE9282000FA9B9B /* EtatAttraction.swift in Sources */ = {isa = PBXBuildFile; fileRef = 3D36100E2CE9282000FA9B9B /* EtatAttraction.swift */; };
		3D3610112CE933DC00FA9B9B /* FonctionnementAttraction.swift in Sources */ = {isa = PBXBuildFile; fileRef = 3D3610102CE933DC00FA9B9B /* FonctionnementAttraction.swift */; };
		3D45BA832ED6329F00A857B1 /* InformationAttractionOTD.swift in Sources */ = {isa = PBXBuildFile; fileRef = 3D45BA822ED6329F00A857B1 /* InformationAttractionOTD.swift */; };
		3D45BA852ED6345E00A857B1 /* EtatAttractionOTD.swift in Sources */ = {isa = PBXBuildFile; fileRef = 3D45BA842ED6345E00A857B1 /* EtatAttractionOTD.swift */; };
		3D6AEB872E8AEB05004D864C /* PageAttractions.swift in Sources */ = {isa = PBXBuildFile; fileRef = 3D6AEB862E8AEB05004D864C /* PageAttractions.swift */; };
		3D6AEB8F2E8B3D1E004D864C /* View+Extensions.swift in Sources */ = {isa = PBXBuildFile; fileRef = 3D6AEB8E2E8B3D1E004D864C /* View+Extensions.swift */; };
		3D6AEB912E8B4F1E004D864C /* VariableBlur.swift in Sources */ = {isa = PBXBuildFile; fileRef = 3D6AEB902E8B4F1E004D864C /* VariableBlur.swift */; };
		3D6AEB972E8BB740004D864C /* PageDetailSection.swift in Sources */ = {isa = PBXBuildFile; fileRef = 3D6AEB962E8BB740004D864C /* PageDetailSection.swift */; };
		3D8BE1992CEC09E600F88A2D /* GestionnaireAttractions.swift in Sources */ = {isa = PBXBuildFile; fileRef = 3D8BE1982CEC09E600F88A2D /* GestionnaireAttractions.swift */; };
		3D8BE19F2CEC1E0600F88A2D /* IndicateurAttente.swift in Sources */ = {isa = PBXBuildFile; fileRef = 3D8BE19E2CEC1E0600F88A2D /* IndicateurAttente.swift */; };
		3D8BE1A92CEC261C00F88A2D /* Montserrat-Italic-VariableFont_wght.ttf in Resources */ = {isa = PBXBuildFile; fileRef = 3D8BE1A72CEC261C00F88A2D /* Montserrat-Italic-VariableFont_wght.ttf */; };
		3D8BE1AA2CEC261C00F88A2D /* Montserrat-VariableFont_wght.ttf in Resources */ = {isa = PBXBuildFile; fileRef = 3D8BE1A82CEC261C00F88A2D /* Montserrat-VariableFont_wght.ttf */; };
		3D8BE1AD2CEC263800F88A2D /* Polices.swift in Sources */ = {isa = PBXBuildFile; fileRef = 3D8BE1AC2CEC263800F88A2D /* Polices.swift */; };
		3D8BE1BB2CECD59E00F88A2D /* BordureArrondie.swift in Sources */ = {isa = PBXBuildFile; fileRef = 3D8BE1BA2CECD59E00F88A2D /* BordureArrondie.swift */; };
		3D8BE1BD2CECE41100F88A2D /* CartoucheGlossaire.swift in Sources */ = {isa = PBXBuildFile; fileRef = 3D8BE1BC2CECE41100F88A2D /* CartoucheGlossaire.swift */; };
		3D8BE1C02CECF38600F88A2D /* String+Extensions.swift in Sources */ = {isa = PBXBuildFile; fileRef = 3D8BE1BF2CECF38600F88A2D /* String+Extensions.swift */; };
		3D9336502E8C439500E914DF /* Sidneyland.icon in Resources */ = {isa = PBXBuildFile; fileRef = 3D93364F2E8C439500E914DF /* Sidneyland.icon */; };
		3D9336562E8C793400E914DF /* PageDetailAttraction.swift in Sources */ = {isa = PBXBuildFile; fileRef = 3D9336552E8C793400E914DF /* PageDetailAttraction.swift */; };
		3DB753432CE8E40300F68412 /* ServiceDisneyland.swift in Sources */ = {isa = PBXBuildFile; fileRef = 3DB753362CE8E40300F68412 /* ServiceDisneyland.swift */; };
		3DB753442CE8E40300F68412 /* Attraction.swift in Sources */ = {isa = PBXBuildFile; fileRef = 3DB753372CE8E40300F68412 /* Attraction.swift */; };
		3DB753452CE8E40300F68412 /* NomParc.swift in Sources */ = {isa = PBXBuildFile; fileRef = 3DB753382CE8E40300F68412 /* NomParc.swift */; };
		3DB753462CE8E40300F68412 /* RegistreAttractions.swift in Sources */ = {isa = PBXBuildFile; fileRef = 3DB753392CE8E40300F68412 /* RegistreAttractions.swift */; };
		3DB753472CE8E40300F68412 /* NomUnivers.swift in Sources */ = {isa = PBXBuildFile; fileRef = 3DB7533A2CE8E40300F68412 /* NomUnivers.swift */; };
		3DB753482CE8E40300F68412 /* ContentView.swift in Sources */ = {isa = PBXBuildFile; fileRef = 3DB7533F2CE8E40300F68412 /* ContentView.swift */; };
		3DB753492CE8E40300F68412 /* SidneylandApp.swift in Sources */ = {isa = PBXBuildFile; fileRef = 3DB753412CE8E40300F68412 /* SidneylandApp.swift */; };
		3DB7534A2CE8E40300F68412 /* Preview Assets.xcassets in Resources */ = {isa = PBXBuildFile; fileRef = 3DB7533C2CE8E40300F68412 /* Preview Assets.xcassets */; };
		3DB7534B2CE8E40300F68412 /* Assets.xcassets in Resources */ = {isa = PBXBuildFile; fileRef = 3DB7533E2CE8E40300F68412 /* Assets.xcassets */; };
		3DC0B3C32ED7E60300326549 /* SelectionDetailAttraction.swift in Sources */ = {isa = PBXBuildFile; fileRef = 3DC0B3C22ED7E60300326549 /* SelectionDetailAttraction.swift */; };
		3DC0B3DD2ED90A3600326549 /* BulleTempsAttente.swift in Sources */ = {isa = PBXBuildFile; fileRef = 3DC0B3DC2ED90A3600326549 /* BulleTempsAttente.swift */; };
		3DD8F6F32ED4EF7B0046F91B /* ServiceHTTP.swift in Sources */ = {isa = PBXBuildFile; fileRef = 3DD8F6F22ED4EF7B0046F91B /* ServiceHTTP.swift */; };
		3DEB25FD2CEEB5E000639F80 /* Color+Extensions.swift in Sources */ = {isa = PBXBuildFile; fileRef = 3DEB25FC2CEEB5E000639F80 /* Color+Extensions.swift */; };
		3DEB26032CEEBECA00639F80 /* Date+Extensions.swift in Sources */ = {isa = PBXBuildFile; fileRef = 3DEB26022CEEBECA00639F80 /* Date+Extensions.swift */; };
		3DED22502E89B2F600659AE1 /* CarteAttraction.swift in Sources */ = {isa = PBXBuildFile; fileRef = 3DED224F2E89B2F600659AE1 /* CarteAttraction.swift */; };
		3DED22582E89EA8E00659AE1 /* SectionAttractions.swift in Sources */ = {isa = PBXBuildFile; fileRef = 3DED22572E89EA8E00659AE1 /* SectionAttractions.swift */; };
		3DED225A2E89ECA300659AE1 /* FondImageFloue.swift in Sources */ = {isa = PBXBuildFile; fileRef = 3DED22592E89ECA300659AE1 /* FondImageFloue.swift */; };
		3DEE64982ED9351C00E39D40 /* PointPassage.swift in Sources */ = {isa = PBXBuildFile; fileRef = 3DEE64972ED9351C00E39D40 /* PointPassage.swift */; };
		3DEE649A2ED935C800E39D40 /* Route.swift in Sources */ = {isa = PBXBuildFile; fileRef = 3DEE64992ED935C800E39D40 /* Route.swift */; };
		3DEE649C2ED9362600E39D40 /* RegistrePoints.swift in Sources */ = {isa = PBXBuildFile; fileRef = 3DEE649B2ED9362600E39D40 /* RegistrePoints.swift */; };
		3DEF2D7E2E930EA500FB11C8 /* RangAttraction.swift in Sources */ = {isa = PBXBuildFile; fileRef = 3DEF2D7D2E930EA500FB11C8 /* RangAttraction.swift */; };
		3DFC8FF42E959AE20085C621 /* SectionCompteARebours.swift in Sources */ = {isa = PBXBuildFile; fileRef = 3DFC8FF32E959AE20085C621 /* SectionCompteARebours.swift */; };
		3DFD5E7F2ED244A500EEB301 /* CaseInformation.swift in Sources */ = {isa = PBXBuildFile; fileRef = 3DFD5E7E2ED244A500EEB301 /* CaseInformation.swift */; };
		3DFD5E852ED262AA00EEB301 /* CouleurAttente.swift in Sources */ = {isa = PBXBuildFile; fileRef = 3DFD5E842ED262AA00EEB301 /* CouleurAttente.swift */; };
/* End PBXBuildFile section */

/* Begin PBXContainerItemProxy section */
		3D25D6CE2C965D09003B2A5F /* PBXContainerItemProxy */ = {
			isa = PBXContainerItemProxy;
			containerPortal = 3D25D6B42C965D08003B2A5F /* Project object */;
			proxyType = 1;
			remoteGlobalIDString = 3D25D6BB2C965D08003B2A5F;
			remoteInfo = Sidneyland;
		};
		3D25D6D82C965D09003B2A5F /* PBXContainerItemProxy */ = {
			isa = PBXContainerItemProxy;
			containerPortal = 3D25D6B42C965D08003B2A5F /* Project object */;
			proxyType = 1;
			remoteGlobalIDString = 3D25D6BB2C965D08003B2A5F;
			remoteInfo = Sidneyland;
		};
/* End PBXContainerItemProxy section */

/* Begin PBXFileReference section */
		3D1588B82CF535D10071CE2F /* PageCarte.swift */ = {isa = PBXFileReference; lastKnownFileType = sourcecode.swift; path = PageCarte.swift; sourceTree = "<group>"; };
		3D1588FE2CF8CC370071CE2F /* EnvironnementTransition.swift */ = {isa = PBXFileReference; lastKnownFileType = sourcecode.swift; path = EnvironnementTransition.swift; sourceTree = "<group>"; };
		3D1589012CF8CCC20071CE2F /* TransitionModale.swift */ = {isa = PBXFileReference; lastKnownFileType = sourcecode.swift; path = TransitionModale.swift; sourceTree = "<group>"; };
		3D1589032CF8CD6A0071CE2F /* TransitionInvisible.swift */ = {isa = PBXFileReference; lastKnownFileType = sourcecode.swift; path = TransitionInvisible.swift; sourceTree = "<group>"; };
		3D1589062CF8CE4A0071CE2F /* Animations.swift */ = {isa = PBXFileReference; lastKnownFileType = sourcecode.swift; path = Animations.swift; sourceTree = "<group>"; };
		3D15890D2CF914590071CE2F /* Array+Extensions.swift */ = {isa = PBXFileReference; lastKnownFileType = sourcecode.swift; path = "Array+Extensions.swift"; sourceTree = "<group>"; };
		3D1589162CF922CF0071CE2F /* SelectionOnglet.swift */ = {isa = PBXFileReference; lastKnownFileType = sourcecode.swift; path = SelectionOnglet.swift; sourceTree = "<group>"; };
		3D1589182CF929440071CE2F /* LazyView.swift */ = {isa = PBXFileReference; lastKnownFileType = sourcecode.swift; path = LazyView.swift; sourceTree = "<group>"; };
		3D15891A2CF940790071CE2F /* TissuCarte.swift */ = {isa = PBXFileReference; lastKnownFileType = sourcecode.swift; path = TissuCarte.swift; sourceTree = "<group>"; };
		3D15E7F52E9440A800616BAC /* CarteGroupe.swift */ = {isa = PBXFileReference; lastKnownFileType = sourcecode.swift; path = CarteGroupe.swift; sourceTree = "<group>"; };
		3D15E7FD2E94657100616BAC /* StyleSectionAttractions.swift */ = {isa = PBXFileReference; lastKnownFileType = sourcecode.swift; path = StyleSectionAttractions.swift; sourceTree = "<group>"; };
		3D15E7FF2E94670A00616BAC /* ConfigurationSectionAttractions.swift */ = {isa = PBXFileReference; lastKnownFileType = sourcecode.swift; path = ConfigurationSectionAttractions.swift; sourceTree = "<group>"; };
		3D15E8012E946A2E00616BAC /* ModificateursSectionsAttractions.swift */ = {isa = PBXFileReference; lastKnownFileType = sourcecode.swift; path = ModificateursSectionsAttractions.swift; sourceTree = "<group>"; };
		3D15E8042E94720E00616BAC /* StyleSectionCartesAttractions.swift */ = {isa = PBXFileReference; lastKnownFileType = sourcecode.swift; path = StyleSectionCartesAttractions.swift; sourceTree = "<group>"; };
		3D15E8062E94727500616BAC /* TitreSectionAttractions.swift */ = {isa = PBXFileReference; lastKnownFileType = sourcecode.swift; path = TitreSectionAttractions.swift; sourceTree = "<group>"; };
		3D15E8082E94767300616BAC /* ModificateursPageDetailSection.swift */ = {isa = PBXFileReference; lastKnownFileType = sourcecode.swift; path = ModificateursPageDetailSection.swift; sourceTree = "<group>"; };
		3D15E80A2E947C2900616BAC /* StyleSectionRangsAttractions.swift */ = {isa = PBXFileReference; lastKnownFileType = sourcecode.swift; path = StyleSectionRangsAttractions.swift; sourceTree = "<group>"; };
		3D25D6BC2C965D08003B2A5F /* Sidneyland.app */ = {isa = PBXFileReference; explicitFileType = wrapper.application; includeInIndex = 0; path = Sidneyland.app; sourceTree = BUILT_PRODUCTS_DIR; };
		3D25D6CD2C965D09003B2A5F /* SidneylandTests.xctest */ = {isa = PBXFileReference; explicitFileType = wrapper.cfbundle; includeInIndex = 0; path = SidneylandTests.xctest; sourceTree = BUILT_PRODUCTS_DIR; };
		3D25D6D72C965D09003B2A5F /* SidneylandUITests.xctest */ = {isa = PBXFileReference; explicitFileType = wrapper.cfbundle; includeInIndex = 0; path = SidneylandUITests.xctest; sourceTree = BUILT_PRODUCTS_DIR; };
		3D36100E2CE9282000FA9B9B /* EtatAttraction.swift */ = {isa = PBXFileReference; lastKnownFileType = sourcecode.swift; path = EtatAttraction.swift; sourceTree = "<group>"; };
		3D3610102CE933DC00FA9B9B /* FonctionnementAttraction.swift */ = {isa = PBXFileReference; lastKnownFileType = sourcecode.swift; path = FonctionnementAttraction.swift; sourceTree = "<group>"; };
		3D45BA822ED6329F00A857B1 /* InformationAttractionOTD.swift */ = {isa = PBXFileReference; lastKnownFileType = sourcecode.swift; path = InformationAttractionOTD.swift; sourceTree = "<group>"; };
		3D45BA842ED6345E00A857B1 /* EtatAttractionOTD.swift */ = {isa = PBXFileReference; lastKnownFileType = sourcecode.swift; path = EtatAttractionOTD.swift; sourceTree = "<group>"; };
		3D6AEB862E8AEB05004D864C /* PageAttractions.swift */ = {isa = PBXFileReference; lastKnownFileType = sourcecode.swift; path = PageAttractions.swift; sourceTree = "<group>"; };
		3D6AEB8E2E8B3D1E004D864C /* View+Extensions.swift */ = {isa = PBXFileReference; lastKnownFileType = sourcecode.swift; path = "View+Extensions.swift"; sourceTree = "<group>"; };
		3D6AEB902E8B4F1E004D864C /* VariableBlur.swift */ = {isa = PBXFileReference; lastKnownFileType = sourcecode.swift; path = VariableBlur.swift; sourceTree = "<group>"; };
		3D6AEB962E8BB740004D864C /* PageDetailSection.swift */ = {isa = PBXFileReference; lastKnownFileType = sourcecode.swift; path = PageDetailSection.swift; sourceTree = "<group>"; };
		3D8BE1982CEC09E600F88A2D /* GestionnaireAttractions.swift */ = {isa = PBXFileReference; lastKnownFileType = sourcecode.swift; path = GestionnaireAttractions.swift; sourceTree = "<group>"; };
		3D8BE19E2CEC1E0600F88A2D /* IndicateurAttente.swift */ = {isa = PBXFileReference; lastKnownFileType = sourcecode.swift; path = IndicateurAttente.swift; sourceTree = "<group>"; };
		3D8BE1A72CEC261C00F88A2D /* Montserrat-Italic-VariableFont_wght.ttf */ = {isa = PBXFileReference; lastKnownFileType = file; path = "Montserrat-Italic-VariableFont_wght.ttf"; sourceTree = "<group>"; };
		3D8BE1A82CEC261C00F88A2D /* Montserrat-VariableFont_wght.ttf */ = {isa = PBXFileReference; lastKnownFileType = file; path = "Montserrat-VariableFont_wght.ttf"; sourceTree = "<group>"; };
		3D8BE1AC2CEC263800F88A2D /* Polices.swift */ = {isa = PBXFileReference; lastKnownFileType = sourcecode.swift; path = Polices.swift; sourceTree = "<group>"; };
		3D8BE1AE2CEC265F00F88A2D /* Info.plist */ = {isa = PBXFileReference; lastKnownFileType = text.plist.xml; path = Info.plist; sourceTree = "<group>"; };
		3D8BE1BA2CECD59E00F88A2D /* BordureArrondie.swift */ = {isa = PBXFileReference; lastKnownFileType = sourcecode.swift; path = BordureArrondie.swift; sourceTree = "<group>"; };
		3D8BE1BC2CECE41100F88A2D /* CartoucheGlossaire.swift */ = {isa = PBXFileReference; lastKnownFileType = sourcecode.swift; path = CartoucheGlossaire.swift; sourceTree = "<group>"; };
		3D8BE1BF2CECF38600F88A2D /* String+Extensions.swift */ = {isa = PBXFileReference; lastKnownFileType = sourcecode.swift; path = "String+Extensions.swift"; sourceTree = "<group>"; };
		3D93364F2E8C439500E914DF /* Sidneyland.icon */ = {isa = PBXFileReference; lastKnownFileType = folder.iconcomposer.icon; path = Sidneyland.icon; sourceTree = "<group>"; };
		3D9336552E8C793400E914DF /* PageDetailAttraction.swift */ = {isa = PBXFileReference; lastKnownFileType = sourcecode.swift; path = PageDetailAttraction.swift; sourceTree = "<group>"; };
		3DB753362CE8E40300F68412 /* ServiceDisneyland.swift */ = {isa = PBXFileReference; lastKnownFileType = sourcecode.swift; path = ServiceDisneyland.swift; sourceTree = "<group>"; };
		3DB753372CE8E40300F68412 /* Attraction.swift */ = {isa = PBXFileReference; lastKnownFileType = sourcecode.swift; path = Attraction.swift; sourceTree = "<group>"; };
		3DB753382CE8E40300F68412 /* NomParc.swift */ = {isa = PBXFileReference; lastKnownFileType = sourcecode.swift; path = NomParc.swift; sourceTree = "<group>"; };
		3DB753392CE8E40300F68412 /* RegistreAttractions.swift */ = {isa = PBXFileReference; lastKnownFileType = sourcecode.swift; path = RegistreAttractions.swift; sourceTree = "<group>"; };
		3DB7533A2CE8E40300F68412 /* NomUnivers.swift */ = {isa = PBXFileReference; lastKnownFileType = sourcecode.swift; path = NomUnivers.swift; sourceTree = "<group>"; };
		3DB7533C2CE8E40300F68412 /* Preview Assets.xcassets */ = {isa = PBXFileReference; lastKnownFileType = folder.assetcatalog; path = "Preview Assets.xcassets"; sourceTree = "<group>"; };
		3DB7533E2CE8E40300F68412 /* Assets.xcassets */ = {isa = PBXFileReference; lastKnownFileType = folder.assetcatalog; path = Assets.xcassets; sourceTree = "<group>"; };
		3DB7533F2CE8E40300F68412 /* ContentView.swift */ = {isa = PBXFileReference; lastKnownFileType = sourcecode.swift; path = ContentView.swift; sourceTree = "<group>"; };
		3DB753402CE8E40300F68412 /* Sidneyland.entitlements */ = {isa = PBXFileReference; lastKnownFileType = text.plist.entitlements; path = Sidneyland.entitlements; sourceTree = "<group>"; };
		3DB753412CE8E40300F68412 /* SidneylandApp.swift */ = {isa = PBXFileReference; lastKnownFileType = sourcecode.swift; path = SidneylandApp.swift; sourceTree = "<group>"; };
		3DC0B3C22ED7E60300326549 /* SelectionDetailAttraction.swift */ = {isa = PBXFileReference; lastKnownFileType = sourcecode.swift; path = SelectionDetailAttraction.swift; sourceTree = "<group>"; };
		3DC0B3DC2ED90A3600326549 /* BulleTempsAttente.swift */ = {isa = PBXFileReference; lastKnownFileType = sourcecode.swift; path = BulleTempsAttente.swift; sourceTree = "<group>"; };
		3DD8F6F22ED4EF7B0046F91B /* ServiceHTTP.swift */ = {isa = PBXFileReference; lastKnownFileType = sourcecode.swift; path = ServiceHTTP.swift; sourceTree = "<group>"; };
		3DEB25FC2CEEB5E000639F80 /* Color+Extensions.swift */ = {isa = PBXFileReference; lastKnownFileType = sourcecode.swift; path = "Color+Extensions.swift"; sourceTree = "<group>"; };
		3DEB26022CEEBECA00639F80 /* Date+Extensions.swift */ = {isa = PBXFileReference; lastKnownFileType = sourcecode.swift; path = "Date+Extensions.swift"; sourceTree = "<group>"; };
		3DED224F2E89B2F600659AE1 /* CarteAttraction.swift */ = {isa = PBXFileReference; lastKnownFileType = sourcecode.swift; path = CarteAttraction.swift; sourceTree = "<group>"; };
		3DED22572E89EA8E00659AE1 /* SectionAttractions.swift */ = {isa = PBXFileReference; lastKnownFileType = sourcecode.swift; path = SectionAttractions.swift; sourceTree = "<group>"; };
		3DED22592E89ECA300659AE1 /* FondImageFloue.swift */ = {isa = PBXFileReference; lastKnownFileType = sourcecode.swift; path = FondImageFloue.swift; sourceTree = "<group>"; };
		3DEE64972ED9351C00E39D40 /* PointPassage.swift */ = {isa = PBXFileReference; lastKnownFileType = sourcecode.swift; path = PointPassage.swift; sourceTree = "<group>"; };
		3DEE64992ED935C800E39D40 /* Route.swift */ = {isa = PBXFileReference; lastKnownFileType = sourcecode.swift; path = Route.swift; sourceTree = "<group>"; };
		3DEE649B2ED9362600E39D40 /* RegistrePoints.swift */ = {isa = PBXFileReference; lastKnownFileType = sourcecode.swift; path = RegistrePoints.swift; sourceTree = "<group>"; };
		3DEF2D7D2E930EA500FB11C8 /* RangAttraction.swift */ = {isa = PBXFileReference; lastKnownFileType = sourcecode.swift; path = RangAttraction.swift; sourceTree = "<group>"; };
		3DFC8FF32E959AE20085C621 /* SectionCompteARebours.swift */ = {isa = PBXFileReference; lastKnownFileType = sourcecode.swift; path = SectionCompteARebours.swift; sourceTree = "<group>"; };
		3DFD5E7E2ED244A500EEB301 /* CaseInformation.swift */ = {isa = PBXFileReference; lastKnownFileType = sourcecode.swift; path = CaseInformation.swift; sourceTree = "<group>"; };
		3DFD5E842ED262AA00EEB301 /* CouleurAttente.swift */ = {isa = PBXFileReference; lastKnownFileType = sourcecode.swift; path = CouleurAttente.swift; sourceTree = "<group>"; };
/* End PBXFileReference section */

/* Begin PBXFileSystemSynchronizedRootGroup section */
		3D25D6D02C965D09003B2A5F /* SidneylandTests */ = {
			isa = PBXFileSystemSynchronizedRootGroup;
			path = SidneylandTests;
			sourceTree = "<group>";
		};
		3D25D6DA2C965D09003B2A5F /* SidneylandUITests */ = {
			isa = PBXFileSystemSynchronizedRootGroup;
			path = SidneylandUITests;
			sourceTree = "<group>";
		};
/* End PBXFileSystemSynchronizedRootGroup section */

/* Begin PBXFrameworksBuildPhase section */
		3D25D6B92C965D08003B2A5F /* Frameworks */ = {
			isa = PBXFrameworksBuildPhase;
			buildActionMask = 2147483647;
			files = (
			);
			runOnlyForDeploymentPostprocessing = 0;
		};
		3D25D6CA2C965D09003B2A5F /* Frameworks */ = {
			isa = PBXFrameworksBuildPhase;
			buildActionMask = 2147483647;
			files = (
			);
			runOnlyForDeploymentPostprocessing = 0;
		};
		3D25D6D42C965D09003B2A5F /* Frameworks */ = {
			isa = PBXFrameworksBuildPhase;
			buildActionMask = 2147483647;
			files = (
			);
			runOnlyForDeploymentPostprocessing = 0;
		};
/* End PBXFrameworksBuildPhase section */

/* Begin PBXGroup section */
		3D1588792CF28CBA0071CE2F /* PageCarte */ = {
			isa = PBXGroup;
			children = (
				3D1588B82CF535D10071CE2F /* PageCarte.swift */,
				3D15891A2CF940790071CE2F /* TissuCarte.swift */,
				3DC0B3DC2ED90A3600326549 /* BulleTempsAttente.swift */,
			);
			path = PageCarte;
			sourceTree = "<group>";
		};
		3D1588FD2CF8CC0E0071CE2F /* ValeursEnvironnement */ = {
			isa = PBXGroup;
			children = (
				3D8BE1982CEC09E600F88A2D /* GestionnaireAttractions.swift */,
				3D1588FE2CF8CC370071CE2F /* EnvironnementTransition.swift */,
			);
			path = ValeursEnvironnement;
			sourceTree = "<group>";
		};
		3D1589002CF8CCAF0071CE2F /* Transitions */ = {
			isa = PBXGroup;
			children = (
				3D1589012CF8CCC20071CE2F /* TransitionModale.swift */,
				3D1589032CF8CD6A0071CE2F /* TransitionInvisible.swift */,
			);
			path = Transitions;
			sourceTree = "<group>";
		};
		3D1589052CF8CE400071CE2F /* Animations */ = {
			isa = PBXGroup;
			children = (
				3D1589062CF8CE4A0071CE2F /* Animations.swift */,
			);
			path = Animations;
			sourceTree = "<group>";
		};
		3D1589082CF8CEA30071CE2F /* Structures */ = {
			isa = PBXGroup;
			children = (
				3D36100E2CE9282000FA9B9B /* EtatAttraction.swift */,
				3DB7533A2CE8E40300F68412 /* NomUnivers.swift */,
				3DB753382CE8E40300F68412 /* NomParc.swift */,
				3D3610102CE933DC00FA9B9B /* FonctionnementAttraction.swift */,
				3DEE64972ED9351C00E39D40 /* PointPassage.swift */,
				3DEE64992ED935C800E39D40 /* Route.swift */,
			);
			path = Structures;
			sourceTree = "<group>";
		};
		3D15E7F92E9460C700616BAC /* CellulesAttractions */ = {
			isa = PBXGroup;
			children = (
				3DED224F2E89B2F600659AE1 /* CarteAttraction.swift */,
				3DEF2D7D2E930EA500FB11C8 /* RangAttraction.swift */,
				3D15E7FA2E9460DB00616BAC /* Section */,
			);
			path = CellulesAttractions;
			sourceTree = "<group>";
		};
		3D15E7FA2E9460DB00616BAC /* Section */ = {
			isa = PBXGroup;
			children = (
				3D15E8032E94717A00616BAC /* Styles */,
				3DED22572E89EA8E00659AE1 /* SectionAttractions.swift */,
				3D15E7FD2E94657100616BAC /* StyleSectionAttractions.swift */,
				3D15E8012E946A2E00616BAC /* ModificateursSectionsAttractions.swift */,
				3D15E7FF2E94670A00616BAC /* ConfigurationSectionAttractions.swift */,
			);
			path = Section;
			sourceTree = "<group>";
		};
		3D15E8032E94717A00616BAC /* Styles */ = {
			isa = PBXGroup;
			children = (
				3D15E8042E94720E00616BAC /* StyleSectionCartesAttractions.swift */,
				3D15E80A2E947C2900616BAC /* StyleSectionRangsAttractions.swift */,
				3D15E8062E94727500616BAC /* TitreSectionAttractions.swift */,
			);
			path = Styles;
			sourceTree = "<group>";
		};
		3D25D6B32C965D08003B2A5F = {
			isa = PBXGroup;
			children = (
				3DB753422CE8E40300F68412 /* Sidneyland */,
				3D25D6D02C965D09003B2A5F /* SidneylandTests */,
				3D25D6DA2C965D09003B2A5F /* SidneylandUITests */,
				3D25D6BD2C965D08003B2A5F /* Products */,
			);
			sourceTree = "<group>";
		};
		3D25D6BD2C965D08003B2A5F /* Products */ = {
			isa = PBXGroup;
			children = (
				3D25D6BC2C965D08003B2A5F /* Sidneyland.app */,
				3D25D6CD2C965D09003B2A5F /* SidneylandTests.xctest */,
				3D25D6D72C965D09003B2A5F /* SidneylandUITests.xctest */,
			);
			name = Products;
			sourceTree = "<group>";
		};
		3D3610122CE9365A00FA9B9B /* Services */ = {
			isa = PBXGroup;
			children = (
				3DB753362CE8E40300F68412 /* ServiceDisneyland.swift */,
				3DD8F6F22ED4EF7B0046F91B /* ServiceHTTP.swift */,
				3D45BA812ED630A700A857B1 /* OTD */,
			);
			path = Services;
			sourceTree = "<group>";
		};
		3D45BA812ED630A700A857B1 /* OTD */ = {
			isa = PBXGroup;
			children = (
				3D45BA822ED6329F00A857B1 /* InformationAttractionOTD.swift */,
				3D45BA842ED6345E00A857B1 /* EtatAttractionOTD.swift */,
			);
			path = OTD;
			sourceTree = "<group>";
		};
		3D6AEB952E8BB72A004D864C /* PageDetailSection */ = {
			isa = PBXGroup;
			children = (
				3D6AEB962E8BB740004D864C /* PageDetailSection.swift */,
				3D15E8082E94767300616BAC /* ModificateursPageDetailSection.swift */,
			);
			path = PageDetailSection;
			sourceTree = "<group>";
		};
		3D8BE1962CEC094700F88A2D /* Vue */ = {
			isa = PBXGroup;
			children = (
				3DB7533F2CE8E40300F68412 /* ContentView.swift */,
				3DEB26002CEEBCED00639F80 /* PageAttractions */,
				3D6AEB952E8BB72A004D864C /* PageDetailSection */,
				3DEB26012CEEBD0800639F80 /* PageDetailAttraction */,
				3D1588792CF28CBA0071CE2F /* PageCarte */,
				3D8BE19D2CEC1DF100F88A2D /* Composants */,
			);
			path = Vue;
			sourceTree = "<group>";
		};
		3D8BE1972CEC095200F88A2D /* VueModele */ = {
			isa = PBXGroup;
			children = (
				3DB753372CE8E40300F68412 /* Attraction.swift */,
				3D1589162CF922CF0071CE2F /* SelectionOnglet.swift */,
				3DC0B3C22ED7E60300326549 /* SelectionDetailAttraction.swift */,
				3D1588FD2CF8CC0E0071CE2F /* ValeursEnvironnement */,
			);
			path = VueModele;
			sourceTree = "<group>";
		};
		3D8BE19D2CEC1DF100F88A2D /* Composants */ = {
			isa = PBXGroup;
			children = (
				3D15E7F92E9460C700616BAC /* CellulesAttractions */,
				3DED22592E89ECA300659AE1 /* FondImageFloue.swift */,
				3D8BE19E2CEC1E0600F88A2D /* IndicateurAttente.swift */,
			);
			path = Composants;
			sourceTree = "<group>";
		};
		3D8BE1AB2CEC262000F88A2D /* Polices */ = {
			isa = PBXGroup;
			children = (
				3D8BE1AC2CEC263800F88A2D /* Polices.swift */,
				3D8BE1A72CEC261C00F88A2D /* Montserrat-Italic-VariableFont_wght.ttf */,
				3D8BE1A82CEC261C00F88A2D /* Montserrat-VariableFont_wght.ttf */,
			);
			path = Polices;
			sourceTree = "<group>";
		};
		3D8BE1B92CECD59000F88A2D /* Styles */ = {
			isa = PBXGroup;
			children = (
				3D8BE1AB2CEC262000F88A2D /* Polices */,
				3D8BE1BA2CECD59E00F88A2D /* BordureArrondie.swift */,
				3D6AEB902E8B4F1E004D864C /* VariableBlur.swift */,
				3DFD5E842ED262AA00EEB301 /* CouleurAttente.swift */,
			);
			path = Styles;
			sourceTree = "<group>";
		};
		3D8BE1BE2CECF37B00F88A2D /* Outils */ = {
			isa = PBXGroup;
			children = (
				3D15890D2CF914590071CE2F /* Array+Extensions.swift */,
				3DEB25FC2CEEB5E000639F80 /* Color+Extensions.swift */,
				3DEB26022CEEBECA00639F80 /* Date+Extensions.swift */,
				3D8BE1BF2CECF38600F88A2D /* String+Extensions.swift */,
				3D6AEB8E2E8B3D1E004D864C /* View+Extensions.swift */,
				3D1589182CF929440071CE2F /* LazyView.swift */,
			);
			path = Outils;
			sourceTree = "<group>";
		};
		3DB7533B2CE8E40300F68412 /* Modele */ = {
			isa = PBXGroup;
			children = (
				3D3610122CE9365A00FA9B9B /* Services */,
				3D1589082CF8CEA30071CE2F /* Structures */,
				3D1589002CF8CCAF0071CE2F /* Transitions */,
				3D1589052CF8CE400071CE2F /* Animations */,
				3DB753392CE8E40300F68412 /* RegistreAttractions.swift */,
				3DEE649B2ED9362600E39D40 /* RegistrePoints.swift */,
			);
			path = Modele;
			sourceTree = "<group>";
		};
		3DB7533D2CE8E40300F68412 /* Preview Content */ = {
			isa = PBXGroup;
			children = (
				3DB7533C2CE8E40300F68412 /* Preview Assets.xcassets */,
			);
			path = "Preview Content";
			sourceTree = "<group>";
		};
		3DB753422CE8E40300F68412 /* Sidneyland */ = {
			isa = PBXGroup;
			children = (
				3DB753412CE8E40300F68412 /* SidneylandApp.swift */,
				3D8BE1962CEC094700F88A2D /* Vue */,
				3D8BE1972CEC095200F88A2D /* VueModele */,
				3DB7533B2CE8E40300F68412 /* Modele */,
				3D8BE1B92CECD59000F88A2D /* Styles */,
				3D8BE1BE2CECF37B00F88A2D /* Outils */,
				3D93364F2E8C439500E914DF /* Sidneyland.icon */,
				3DB7533E2CE8E40300F68412 /* Assets.xcassets */,
				3DB753402CE8E40300F68412 /* Sidneyland.entitlements */,
				3D8BE1AE2CEC265F00F88A2D /* Info.plist */,
				3DB7533D2CE8E40300F68412 /* Preview Content */,
			);
			path = Sidneyland;
			sourceTree = "<group>";
		};
		3DEB26002CEEBCED00639F80 /* PageAttractions */ = {
			isa = PBXGroup;
			children = (
				3D6AEB862E8AEB05004D864C /* PageAttractions.swift */,
				3DFC8FF32E959AE20085C621 /* SectionCompteARebours.swift */,
				3D15E7F52E9440A800616BAC /* CarteGroupe.swift */,
				3D8BE1BC2CECE41100F88A2D /* CartoucheGlossaire.swift */,
			);
			path = PageAttractions;
			sourceTree = "<group>";
		};
		3DEB26012CEEBD0800639F80 /* PageDetailAttraction */ = {
			isa = PBXGroup;
			children = (
				3D9336552E8C793400E914DF /* PageDetailAttraction.swift */,
				3DFD5E7E2ED244A500EEB301 /* CaseInformation.swift */,
			);
			path = PageDetailAttraction;
			sourceTree = "<group>";
		};
/* End PBXGroup section */

/* Begin PBXNativeTarget section */
		3D25D6BB2C965D08003B2A5F /* Sidneyland */ = {
			isa = PBXNativeTarget;
			buildConfigurationList = 3D25D6E12C965D09003B2A5F /* Build configuration list for PBXNativeTarget "Sidneyland" */;
			buildPhases = (
				3D25D6B82C965D08003B2A5F /* Sources */,
				3D25D6B92C965D08003B2A5F /* Frameworks */,
				3D25D6BA2C965D08003B2A5F /* Resources */,
			);
			buildRules = (
			);
			dependencies = (
			);
			name = Sidneyland;
			packageProductDependencies = (
			);
			productName = Sidneyland;
			productReference = 3D25D6BC2C965D08003B2A5F /* Sidneyland.app */;
			productType = "com.apple.product-type.application";
		};
		3D25D6CC2C965D09003B2A5F /* SidneylandTests */ = {
			isa = PBXNativeTarget;
			buildConfigurationList = 3D25D6E42C965D09003B2A5F /* Build configuration list for PBXNativeTarget "SidneylandTests" */;
			buildPhases = (
				3D25D6C92C965D09003B2A5F /* Sources */,
				3D25D6CA2C965D09003B2A5F /* Frameworks */,
				3D25D6CB2C965D09003B2A5F /* Resources */,
			);
			buildRules = (
			);
			dependencies = (
				3D25D6CF2C965D09003B2A5F /* PBXTargetDependency */,
			);
			fileSystemSynchronizedGroups = (
				3D25D6D02C965D09003B2A5F /* SidneylandTests */,
			);
			name = SidneylandTests;
			packageProductDependencies = (
			);
			productName = SidneylandTests;
			productReference = 3D25D6CD2C965D09003B2A5F /* SidneylandTests.xctest */;
			productType = "com.apple.product-type.bundle.unit-test";
		};
		3D25D6D62C965D09003B2A5F /* SidneylandUITests */ = {
			isa = PBXNativeTarget;
			buildConfigurationList = 3D25D6E72C965D09003B2A5F /* Build configuration list for PBXNativeTarget "SidneylandUITests" */;
			buildPhases = (
				3D25D6D32C965D09003B2A5F /* Sources */,
				3D25D6D42C965D09003B2A5F /* Frameworks */,
				3D25D6D52C965D09003B2A5F /* Resources */,
			);
			buildRules = (
			);
			dependencies = (
				3D25D6D92C965D09003B2A5F /* PBXTargetDependency */,
			);
			fileSystemSynchronizedGroups = (
				3D25D6DA2C965D09003B2A5F /* SidneylandUITests */,
			);
			name = SidneylandUITests;
			packageProductDependencies = (
			);
			productName = SidneylandUITests;
			productReference = 3D25D6D72C965D09003B2A5F /* SidneylandUITests.xctest */;
			productType = "com.apple.product-type.bundle.ui-testing";
		};
/* End PBXNativeTarget section */

/* Begin PBXProject section */
		3D25D6B42C965D08003B2A5F /* Project object */ = {
			isa = PBXProject;
			attributes = {
				BuildIndependentTargetsInParallel = 1;
				LastSwiftUpdateCheck = 1610;
				LastUpgradeCheck = 1610;
				TargetAttributes = {
					3D25D6BB2C965D08003B2A5F = {
						CreatedOnToolsVersion = 16.1;
					};
					3D25D6CC2C965D09003B2A5F = {
						CreatedOnToolsVersion = 16.1;
						TestTargetID = 3D25D6BB2C965D08003B2A5F;
					};
					3D25D6D62C965D09003B2A5F = {
						CreatedOnToolsVersion = 16.1;
						TestTargetID = 3D25D6BB2C965D08003B2A5F;
					};
				};
			};
			buildConfigurationList = 3D25D6B72C965D08003B2A5F /* Build configuration list for PBXProject "Sidneyland" */;
			developmentRegion = en;
			hasScannedForEncodings = 0;
			knownRegions = (
				en,
				Base,
			);
			mainGroup = 3D25D6B32C965D08003B2A5F;
			minimizedProjectReferenceProxies = 1;
			packageReferences = (
			);
			preferredProjectObjectVersion = 77;
			productRefGroup = 3D25D6BD2C965D08003B2A5F /* Products */;
			projectDirPath = "";
			projectRoot = "";
			targets = (
				3D25D6BB2C965D08003B2A5F /* Sidneyland */,
				3D25D6CC2C965D09003B2A5F /* SidneylandTests */,
				3D25D6D62C965D09003B2A5F /* SidneylandUITests */,
			);
		};
/* End PBXProject section */

/* Begin PBXResourcesBuildPhase section */
		3D25D6BA2C965D08003B2A5F /* Resources */ = {
			isa = PBXResourcesBuildPhase;
			buildActionMask = 2147483647;
			files = (
				3DB7534A2CE8E40300F68412 /* Preview Assets.xcassets in Resources */,
				3DB7534B2CE8E40300F68412 /* Assets.xcassets in Resources */,
				3D8BE1A92CEC261C00F88A2D /* Montserrat-Italic-VariableFont_wght.ttf in Resources */,
				3D9336502E8C439500E914DF /* Sidneyland.icon in Resources */,
				3D8BE1AA2CEC261C00F88A2D /* Montserrat-VariableFont_wght.ttf in Resources */,
			);
			runOnlyForDeploymentPostprocessing = 0;
		};
		3D25D6CB2C965D09003B2A5F /* Resources */ = {
			isa = PBXResourcesBuildPhase;
			buildActionMask = 2147483647;
			files = (
			);
			runOnlyForDeploymentPostprocessing = 0;
		};
		3D25D6D52C965D09003B2A5F /* Resources */ = {
			isa = PBXResourcesBuildPhase;
			buildActionMask = 2147483647;
			files = (
			);
			runOnlyForDeploymentPostprocessing = 0;
		};
/* End PBXResourcesBuildPhase section */

/* Begin PBXSourcesBuildPhase section */
		3D25D6B82C965D08003B2A5F /* Sources */ = {
			isa = PBXSourcesBuildPhase;
			buildActionMask = 2147483647;
			files = (
				3D6AEB912E8B4F1E004D864C /* VariableBlur.swift in Sources */,
				3D1589042CF8CD6A0071CE2F /* TransitionInvisible.swift in Sources */,
				3D8BE1C02CECF38600F88A2D /* String+Extensions.swift in Sources */,
				3D6AEB972E8BB740004D864C /* PageDetailSection.swift in Sources */,
				3D15E8052E94720E00616BAC /* StyleSectionCartesAttractions.swift in Sources */,
				3D1589072CF8CE4A0071CE2F /* Animations.swift in Sources */,
				3D6AEB8F2E8B3D1E004D864C /* View+Extensions.swift in Sources */,
				3DB753432CE8E40300F68412 /* ServiceDisneyland.swift in Sources */,
				3D3610112CE933DC00FA9B9B /* FonctionnementAttraction.swift in Sources */,
				3D8BE1BD2CECE41100F88A2D /* CartoucheGlossaire.swift in Sources */,
				3D45BA852ED6345E00A857B1 /* EtatAttractionOTD.swift in Sources */,
				3D1588B92CF535D10071CE2F /* PageCarte.swift in Sources */,
				3D8BE1AD2CEC263800F88A2D /* Polices.swift in Sources */,
				3D1588FF2CF8CC370071CE2F /* EnvironnementTransition.swift in Sources */,
				3DB753442CE8E40300F68412 /* Attraction.swift in Sources */,
				3DD8F6F32ED4EF7B0046F91B /* ServiceHTTP.swift in Sources */,
				3D45BA832ED6329F00A857B1 /* InformationAttractionOTD.swift in Sources */,
				3DB753452CE8E40300F68412 /* NomParc.swift in Sources */,
				3D8BE1992CEC09E600F88A2D /* GestionnaireAttractions.swift in Sources */,
				3DEF2D7E2E930EA500FB11C8 /* RangAttraction.swift in Sources */,
				3DC0B3DD2ED90A3600326549 /* BulleTempsAttente.swift in Sources */,
				3DEE649A2ED935C800E39D40 /* Route.swift in Sources */,
				3DEB26032CEEBECA00639F80 /* Date+Extensions.swift in Sources */,
				3D15E80B2E947C2900616BAC /* StyleSectionRangsAttractions.swift in Sources */,
				3DB753462CE8E40300F68412 /* RegistreAttractions.swift in Sources */,
				3DB753472CE8E40300F68412 /* NomUnivers.swift in Sources */,
				3D15E8072E94727500616BAC /* TitreSectionAttractions.swift in Sources */,
				3D15E8022E946A2E00616BAC /* ModificateursSectionsAttractions.swift in Sources */,
				3DED22582E89EA8E00659AE1 /* SectionAttractions.swift in Sources */,
				3DED22502E89B2F600659AE1 /* CarteAttraction.swift in Sources */,
				3D15891B2CF940790071CE2F /* TissuCarte.swift in Sources */,
				3DEB25FD2CEEB5E000639F80 /* Color+Extensions.swift in Sources */,
				3D8BE1BB2CECD59E00F88A2D /* BordureArrondie.swift in Sources */,
				3D15E7FE2E94657100616BAC /* StyleSectionAttractions.swift in Sources */,
				3D9336562E8C793400E914DF /* PageDetailAttraction.swift in Sources */,
				3DC0B3C32ED7E60300326549 /* SelectionDetailAttraction.swift in Sources */,
				3D1589192CF929440071CE2F /* LazyView.swift in Sources */,
				3DB753482CE8E40300F68412 /* ContentView.swift in Sources */,
				3D1589022CF8CCC20071CE2F /* TransitionModale.swift in Sources */,
				3D15E8002E94670A00616BAC /* ConfigurationSectionAttractions.swift in Sources */,
				3D15890E2CF914590071CE2F /* Array+Extensions.swift in Sources */,
				3D8BE19F2CEC1E0600F88A2D /* IndicateurAttente.swift in Sources */,
				3D6AEB872E8AEB05004D864C /* PageAttractions.swift in Sources */,
				3D15E7F62E9440A800616BAC /* CarteGroupe.swift in Sources */,
				3DFD5E7F2ED244A500EEB301 /* CaseInformation.swift in Sources */,
				3DEE649C2ED9362600E39D40 /* RegistrePoints.swift in Sources */,
				3D15E8092E94767300616BAC /* ModificateursPageDetailSection.swift in Sources */,
				3D36100F2CE9282000FA9B9B /* EtatAttraction.swift in Sources */,
				3D1589172CF922CF0071CE2F /* SelectionOnglet.swift in Sources */,
				3DFC8FF42E959AE20085C621 /* SectionCompteARebours.swift in Sources */,
				3DED225A2E89ECA300659AE1 /* FondImageFloue.swift in Sources */,
				3DFD5E852ED262AA00EEB301 /* CouleurAttente.swift in Sources */,
				3DB753492CE8E40300F68412 /* SidneylandApp.swift in Sources */,
				3DEE64982ED9351C00E39D40 /* PointPassage.swift in Sources */,
			);
			runOnlyForDeploymentPostprocessing = 0;
		};
		3D25D6C92C965D09003B2A5F /* Sources */ = {
			isa = PBXSourcesBuildPhase;
			buildActionMask = 2147483647;
			files = (
			);
			runOnlyForDeploymentPostprocessing = 0;
		};
		3D25D6D32C965D09003B2A5F /* Sources */ = {
			isa = PBXSourcesBuildPhase;
			buildActionMask = 2147483647;
			files = (
			);
			runOnlyForDeploymentPostprocessing = 0;
		};
/* End PBXSourcesBuildPhase section */

/* Begin PBXTargetDependency section */
		3D25D6CF2C965D09003B2A5F /* PBXTargetDependency */ = {
			isa = PBXTargetDependency;
			target = 3D25D6BB2C965D08003B2A5F /* Sidneyland */;
			targetProxy = 3D25D6CE2C965D09003B2A5F /* PBXContainerItemProxy */;
		};
		3D25D6D92C965D09003B2A5F /* PBXTargetDependency */ = {
			isa = PBXTargetDependency;
			target = 3D25D6BB2C965D08003B2A5F /* Sidneyland */;
			targetProxy = 3D25D6D82C965D09003B2A5F /* PBXContainerItemProxy */;
		};
/* End PBXTargetDependency section */

/* Begin XCBuildConfiguration section */
		3D25D6DF2C965D09003B2A5F /* Debug */ = {
			isa = XCBuildConfiguration;
			buildSettings = {
				ALWAYS_SEARCH_USER_PATHS = NO;
				ASSETCATALOG_COMPILER_GENERATE_SWIFT_ASSET_SYMBOL_EXTENSIONS = YES;
				CLANG_ANALYZER_NONNULL = YES;
				CLANG_ANALYZER_NUMBER_OBJECT_CONVERSION = YES_AGGRESSIVE;
				CLANG_CXX_LANGUAGE_STANDARD = "gnu++20";
				CLANG_ENABLE_MODULES = YES;
				CLANG_ENABLE_OBJC_ARC = YES;
				CLANG_ENABLE_OBJC_WEAK = YES;
				CLANG_WARN_BLOCK_CAPTURE_AUTORELEASING = YES;
				CLANG_WARN_BOOL_CONVERSION = YES;
				CLANG_WARN_COMMA = YES;
				CLANG_WARN_CONSTANT_CONVERSION = YES;
				CLANG_WARN_DEPRECATED_OBJC_IMPLEMENTATIONS = YES;
				CLANG_WARN_DIRECT_OBJC_ISA_USAGE = YES_ERROR;
				CLANG_WARN_DOCUMENTATION_COMMENTS = YES;
				CLANG_WARN_EMPTY_BODY = YES;
				CLANG_WARN_ENUM_CONVERSION = YES;
				CLANG_WARN_INFINITE_RECURSION = YES;
				CLANG_WARN_INT_CONVERSION = YES;
				CLANG_WARN_NON_LITERAL_NULL_CONVERSION = YES;
				CLANG_WARN_OBJC_IMPLICIT_RETAIN_SELF = YES;
				CLANG_WARN_OBJC_LITERAL_CONVERSION = YES;
				CLANG_WARN_OBJC_ROOT_CLASS = YES_ERROR;
				CLANG_WARN_QUOTED_INCLUDE_IN_FRAMEWORK_HEADER = YES;
				CLANG_WARN_RANGE_LOOP_ANALYSIS = YES;
				CLANG_WARN_STRICT_PROTOTYPES = YES;
				CLANG_WARN_SUSPICIOUS_MOVE = YES;
				CLANG_WARN_UNGUARDED_AVAILABILITY = YES_AGGRESSIVE;
				CLANG_WARN_UNREACHABLE_CODE = YES;
				CLANG_WARN__DUPLICATE_METHOD_MATCH = YES;
				COPY_PHASE_STRIP = NO;
				DEBUG_INFORMATION_FORMAT = dwarf;
				ENABLE_STRICT_OBJC_MSGSEND = YES;
				ENABLE_TESTABILITY = YES;
				ENABLE_USER_SCRIPT_SANDBOXING = YES;
				GCC_C_LANGUAGE_STANDARD = gnu17;
				GCC_DYNAMIC_NO_PIC = NO;
				GCC_NO_COMMON_BLOCKS = YES;
				GCC_OPTIMIZATION_LEVEL = 0;
				GCC_PREPROCESSOR_DEFINITIONS = (
					"DEBUG=1",
					"$(inherited)",
				);
				GCC_WARN_64_TO_32_BIT_CONVERSION = YES;
				GCC_WARN_ABOUT_RETURN_TYPE = YES_ERROR;
				GCC_WARN_UNDECLARED_SELECTOR = YES;
				GCC_WARN_UNINITIALIZED_AUTOS = YES_AGGRESSIVE;
				GCC_WARN_UNUSED_FUNCTION = YES;
				GCC_WARN_UNUSED_VARIABLE = YES;
				LOCALIZATION_PREFERS_STRING_CATALOGS = YES;
				MTL_ENABLE_DEBUG_INFO = INCLUDE_SOURCE;
				MTL_FAST_MATH = YES;
				ONLY_ACTIVE_ARCH = YES;
				SWIFT_ACTIVE_COMPILATION_CONDITIONS = "DEBUG $(inherited)";
				SWIFT_OPTIMIZATION_LEVEL = "-Onone";
			};
			name = Debug;
		};
		3D25D6E02C965D09003B2A5F /* Release */ = {
			isa = XCBuildConfiguration;
			buildSettings = {
				ALWAYS_SEARCH_USER_PATHS = NO;
				ASSETCATALOG_COMPILER_GENERATE_SWIFT_ASSET_SYMBOL_EXTENSIONS = YES;
				CLANG_ANALYZER_NONNULL = YES;
				CLANG_ANALYZER_NUMBER_OBJECT_CONVERSION = YES_AGGRESSIVE;
				CLANG_CXX_LANGUAGE_STANDARD = "gnu++20";
				CLANG_ENABLE_MODULES = YES;
				CLANG_ENABLE_OBJC_ARC = YES;
				CLANG_ENABLE_OBJC_WEAK = YES;
				CLANG_WARN_BLOCK_CAPTURE_AUTORELEASING = YES;
				CLANG_WARN_BOOL_CONVERSION = YES;
				CLANG_WARN_COMMA = YES;
				CLANG_WARN_CONSTANT_CONVERSION = YES;
				CLANG_WARN_DEPRECATED_OBJC_IMPLEMENTATIONS = YES;
				CLANG_WARN_DIRECT_OBJC_ISA_USAGE = YES_ERROR;
				CLANG_WARN_DOCUMENTATION_COMMENTS = YES;
				CLANG_WARN_EMPTY_BODY = YES;
				CLANG_WARN_ENUM_CONVERSION = YES;
				CLANG_WARN_INFINITE_RECURSION = YES;
				CLANG_WARN_INT_CONVERSION = YES;
				CLANG_WARN_NON_LITERAL_NULL_CONVERSION = YES;
				CLANG_WARN_OBJC_IMPLICIT_RETAIN_SELF = YES;
				CLANG_WARN_OBJC_LITERAL_CONVERSION = YES;
				CLANG_WARN_OBJC_ROOT_CLASS = YES_ERROR;
				CLANG_WARN_QUOTED_INCLUDE_IN_FRAMEWORK_HEADER = YES;
				CLANG_WARN_RANGE_LOOP_ANALYSIS = YES;
				CLANG_WARN_STRICT_PROTOTYPES = YES;
				CLANG_WARN_SUSPICIOUS_MOVE = YES;
				CLANG_WARN_UNGUARDED_AVAILABILITY = YES_AGGRESSIVE;
				CLANG_WARN_UNREACHABLE_CODE = YES;
				CLANG_WARN__DUPLICATE_METHOD_MATCH = YES;
				COPY_PHASE_STRIP = NO;
				DEBUG_INFORMATION_FORMAT = "dwarf-with-dsym";
				ENABLE_NS_ASSERTIONS = NO;
				ENABLE_STRICT_OBJC_MSGSEND = YES;
				ENABLE_USER_SCRIPT_SANDBOXING = YES;
				GCC_C_LANGUAGE_STANDARD = gnu17;
				GCC_NO_COMMON_BLOCKS = YES;
				GCC_WARN_64_TO_32_BIT_CONVERSION = YES;
				GCC_WARN_ABOUT_RETURN_TYPE = YES_ERROR;
				GCC_WARN_UNDECLARED_SELECTOR = YES;
				GCC_WARN_UNINITIALIZED_AUTOS = YES_AGGRESSIVE;
				GCC_WARN_UNUSED_FUNCTION = YES;
				GCC_WARN_UNUSED_VARIABLE = YES;
				LOCALIZATION_PREFERS_STRING_CATALOGS = YES;
				MTL_ENABLE_DEBUG_INFO = NO;
				MTL_FAST_MATH = YES;
				SWIFT_COMPILATION_MODE = wholemodule;
			};
			name = Release;
		};
		3D25D6E22C965D09003B2A5F /* Debug */ = {
			isa = XCBuildConfiguration;
			buildSettings = {
				ASSETCATALOG_COMPILER_APPICON_NAME = Sidneyland;
				ASSETCATALOG_COMPILER_GLOBAL_ACCENT_COLOR_NAME = AccentColor;
				CODE_SIGN_ENTITLEMENTS = Sidneyland/Sidneyland.entitlements;
				CODE_SIGN_STYLE = Automatic;
				CURRENT_PROJECT_VERSION = 5;
				DEVELOPMENT_ASSET_PATHS = "\"Sidneyland/Preview Content\"";
				DEVELOPMENT_TEAM = BK8PRMYFUA;
				ENABLE_APP_SANDBOX = YES;
				ENABLE_HARDENED_RUNTIME = YES;
				ENABLE_OUTGOING_NETWORK_CONNECTIONS = YES;
				ENABLE_PREVIEWS = YES;
				GENERATE_INFOPLIST_FILE = YES;
				INFOPLIST_FILE = Sidneyland/Info.plist;
				"INFOPLIST_KEY_UIApplicationSceneManifest_Generation[sdk=iphoneos*]" = YES;
				"INFOPLIST_KEY_UIApplicationSceneManifest_Generation[sdk=iphonesimulator*]" = YES;
				"INFOPLIST_KEY_UIApplicationSupportsIndirectInputEvents[sdk=iphoneos*]" = YES;
				"INFOPLIST_KEY_UIApplicationSupportsIndirectInputEvents[sdk=iphonesimulator*]" = YES;
				"INFOPLIST_KEY_UILaunchScreen_Generation[sdk=iphoneos*]" = YES;
				"INFOPLIST_KEY_UILaunchScreen_Generation[sdk=iphonesimulator*]" = YES;
				"INFOPLIST_KEY_UIStatusBarStyle[sdk=iphoneos*]" = UIStatusBarStyleDefault;
				"INFOPLIST_KEY_UIStatusBarStyle[sdk=iphonesimulator*]" = UIStatusBarStyleDefault;
				INFOPLIST_KEY_UISupportedInterfaceOrientations = "UIInterfaceOrientationPortrait UIInterfaceOrientationPortraitUpsideDown";
				INFOPLIST_KEY_UISupportedInterfaceOrientations_iPad = "UIInterfaceOrientationLandscapeLeft UIInterfaceOrientationLandscapeRight UIInterfaceOrientationPortrait UIInterfaceOrientationPortraitUpsideDown";
				IPHONEOS_DEPLOYMENT_TARGET = 26.0;
				LD_RUNPATH_SEARCH_PATHS = "@executable_path/Frameworks";
				"LD_RUNPATH_SEARCH_PATHS[sdk=macosx*]" = "@executable_path/../Frameworks";
				MACOSX_DEPLOYMENT_TARGET = 26.0;
				MARKETING_VERSION = 1.0;
				PRODUCT_BUNDLE_IDENTIFIER = com.thomaslebonnec.Sidneyland;
				PRODUCT_NAME = "$(TARGET_NAME)";
				REGISTER_APP_GROUPS = YES;
				SDKROOT = auto;
				SUPPORTED_PLATFORMS = "iphoneos iphonesimulator xros xrsimulator";
				SUPPORTS_MACCATALYST = YES;
				SWIFT_EMIT_LOC_STRINGS = YES;
				SWIFT_VERSION = 5.0;
				TARGETED_DEVICE_FAMILY = "1,2,7";
				XROS_DEPLOYMENT_TARGET = 2.0;
			};
			name = Debug;
		};
		3D25D6E32C965D09003B2A5F /* Release */ = {
			isa = XCBuildConfiguration;
			buildSettings = {
				ASSETCATALOG_COMPILER_APPICON_NAME = Sidneyland;
				ASSETCATALOG_COMPILER_GLOBAL_ACCENT_COLOR_NAME = AccentColor;
				CODE_SIGN_ENTITLEMENTS = Sidneyland/Sidneyland.entitlements;
				CODE_SIGN_STYLE = Automatic;
				CURRENT_PROJECT_VERSION = 5;
				DEVELOPMENT_ASSET_PATHS = "\"Sidneyland/Preview Content\"";
				DEVELOPMENT_TEAM = BK8PRMYFUA;
				ENABLE_APP_SANDBOX = YES;
				ENABLE_HARDENED_RUNTIME = YES;
				ENABLE_OUTGOING_NETWORK_CONNECTIONS = YES;
				ENABLE_PREVIEWS = YES;
				GENERATE_INFOPLIST_FILE = YES;
				INFOPLIST_FILE = Sidneyland/Info.plist;
				"INFOPLIST_KEY_UIApplicationSceneManifest_Generation[sdk=iphoneos*]" = YES;
				"INFOPLIST_KEY_UIApplicationSceneManifest_Generation[sdk=iphonesimulator*]" = YES;
				"INFOPLIST_KEY_UIApplicationSupportsIndirectInputEvents[sdk=iphoneos*]" = YES;
				"INFOPLIST_KEY_UIApplicationSupportsIndirectInputEvents[sdk=iphonesimulator*]" = YES;
				"INFOPLIST_KEY_UILaunchScreen_Generation[sdk=iphoneos*]" = YES;
				"INFOPLIST_KEY_UILaunchScreen_Generation[sdk=iphonesimulator*]" = YES;
				"INFOPLIST_KEY_UIStatusBarStyle[sdk=iphoneos*]" = UIStatusBarStyleDefault;
				"INFOPLIST_KEY_UIStatusBarStyle[sdk=iphonesimulator*]" = UIStatusBarStyleDefault;
				INFOPLIST_KEY_UISupportedInterfaceOrientations = "UIInterfaceOrientationPortrait UIInterfaceOrientationPortraitUpsideDown";
				INFOPLIST_KEY_UISupportedInterfaceOrientations_iPad = "UIInterfaceOrientationLandscapeLeft UIInterfaceOrientationLandscapeRight UIInterfaceOrientationPortrait UIInterfaceOrientationPortraitUpsideDown";
				IPHONEOS_DEPLOYMENT_TARGET = 26.0;
				LD_RUNPATH_SEARCH_PATHS = "@executable_path/Frameworks";
				"LD_RUNPATH_SEARCH_PATHS[sdk=macosx*]" = "@executable_path/../Frameworks";
				MACOSX_DEPLOYMENT_TARGET = 26.0;
				MARKETING_VERSION = 1.0;
				PRODUCT_BUNDLE_IDENTIFIER = com.thomaslebonnec.Sidneyland;
				PRODUCT_NAME = "$(TARGET_NAME)";
				REGISTER_APP_GROUPS = YES;
				SDKROOT = auto;
				SUPPORTED_PLATFORMS = "iphoneos iphonesimulator xros xrsimulator";
				SUPPORTS_MACCATALYST = YES;
				SWIFT_EMIT_LOC_STRINGS = YES;
				SWIFT_VERSION = 5.0;
				TARGETED_DEVICE_FAMILY = "1,2,7";
				XROS_DEPLOYMENT_TARGET = 2.0;
			};
			name = Release;
		};
		3D25D6E52C965D09003B2A5F /* Debug */ = {
			isa = XCBuildConfiguration;
			buildSettings = {
				BUNDLE_LOADER = "$(TEST_HOST)";
				CODE_SIGN_STYLE = Automatic;
				CURRENT_PROJECT_VERSION = 1;
				DEVELOPMENT_TEAM = BK8PRMYFUA;
				GENERATE_INFOPLIST_FILE = YES;
				IPHONEOS_DEPLOYMENT_TARGET = 18.1;
				MACOSX_DEPLOYMENT_TARGET = 15.1;
				MARKETING_VERSION = 1.0;
				PRODUCT_BUNDLE_IDENTIFIER = com.thomaslebonnec.SidneylandTests;
				PRODUCT_NAME = "$(TARGET_NAME)";
				SDKROOT = auto;
				SUPPORTED_PLATFORMS = "iphoneos iphonesimulator macosx xros xrsimulator";
				SWIFT_EMIT_LOC_STRINGS = NO;
				SWIFT_VERSION = 5.0;
				TARGETED_DEVICE_FAMILY = "1,2,7";
				TEST_HOST = "$(BUILT_PRODUCTS_DIR)/Sidneyland.app/$(BUNDLE_EXECUTABLE_FOLDER_PATH)/Sidneyland";
				XROS_DEPLOYMENT_TARGET = 2.0;
			};
			name = Debug;
		};
		3D25D6E62C965D09003B2A5F /* Release */ = {
			isa = XCBuildConfiguration;
			buildSettings = {
				BUNDLE_LOADER = "$(TEST_HOST)";
				CODE_SIGN_STYLE = Automatic;
				CURRENT_PROJECT_VERSION = 1;
				DEVELOPMENT_TEAM = BK8PRMYFUA;
				GENERATE_INFOPLIST_FILE = YES;
				IPHONEOS_DEPLOYMENT_TARGET = 18.1;
				MACOSX_DEPLOYMENT_TARGET = 15.1;
				MARKETING_VERSION = 1.0;
				PRODUCT_BUNDLE_IDENTIFIER = com.thomaslebonnec.SidneylandTests;
				PRODUCT_NAME = "$(TARGET_NAME)";
				SDKROOT = auto;
				SUPPORTED_PLATFORMS = "iphoneos iphonesimulator macosx xros xrsimulator";
				SWIFT_EMIT_LOC_STRINGS = NO;
				SWIFT_VERSION = 5.0;
				TARGETED_DEVICE_FAMILY = "1,2,7";
				TEST_HOST = "$(BUILT_PRODUCTS_DIR)/Sidneyland.app/$(BUNDLE_EXECUTABLE_FOLDER_PATH)/Sidneyland";
				XROS_DEPLOYMENT_TARGET = 2.0;
			};
			name = Release;
		};
		3D25D6E82C965D09003B2A5F /* Debug */ = {
			isa = XCBuildConfiguration;
			buildSettings = {
				CODE_SIGN_STYLE = Automatic;
				CURRENT_PROJECT_VERSION = 1;
				DEVELOPMENT_TEAM = BK8PRMYFUA;
				GENERATE_INFOPLIST_FILE = YES;
				IPHONEOS_DEPLOYMENT_TARGET = 18.1;
				MACOSX_DEPLOYMENT_TARGET = 15.1;
				MARKETING_VERSION = 1.0;
				PRODUCT_BUNDLE_IDENTIFIER = com.thomaslebonnec.SidneylandUITests;
				PRODUCT_NAME = "$(TARGET_NAME)";
				SDKROOT = auto;
				SUPPORTED_PLATFORMS = "iphoneos iphonesimulator macosx xros xrsimulator";
				SWIFT_EMIT_LOC_STRINGS = NO;
				SWIFT_VERSION = 5.0;
				TARGETED_DEVICE_FAMILY = "1,2,7";
				TEST_TARGET_NAME = Sidneyland;
				XROS_DEPLOYMENT_TARGET = 2.0;
			};
			name = Debug;
		};
		3D25D6E92C965D09003B2A5F /* Release */ = {
			isa = XCBuildConfiguration;
			buildSettings = {
				CODE_SIGN_STYLE = Automatic;
				CURRENT_PROJECT_VERSION = 1;
				DEVELOPMENT_TEAM = BK8PRMYFUA;
				GENERATE_INFOPLIST_FILE = YES;
				IPHONEOS_DEPLOYMENT_TARGET = 18.1;
				MACOSX_DEPLOYMENT_TARGET = 15.1;
				MARKETING_VERSION = 1.0;
				PRODUCT_BUNDLE_IDENTIFIER = com.thomaslebonnec.SidneylandUITests;
				PRODUCT_NAME = "$(TARGET_NAME)";
				SDKROOT = auto;
				SUPPORTED_PLATFORMS = "iphoneos iphonesimulator macosx xros xrsimulator";
				SWIFT_EMIT_LOC_STRINGS = NO;
				SWIFT_VERSION = 5.0;
				TARGETED_DEVICE_FAMILY = "1,2,7";
				TEST_TARGET_NAME = Sidneyland;
				XROS_DEPLOYMENT_TARGET = 2.0;
			};
			name = Release;
		};
/* End XCBuildConfiguration section */

/* Begin XCConfigurationList section */
		3D25D6B72C965D08003B2A5F /* Build configuration list for PBXProject "Sidneyland" */ = {
			isa = XCConfigurationList;
			buildConfigurations = (
				3D25D6DF2C965D09003B2A5F /* Debug */,
				3D25D6E02C965D09003B2A5F /* Release */,
			);
			defaultConfigurationIsVisible = 0;
			defaultConfigurationName = Release;
		};
		3D25D6E12C965D09003B2A5F /* Build configuration list for PBXNativeTarget "Sidneyland" */ = {
			isa = XCConfigurationList;
			buildConfigurations = (
				3D25D6E22C965D09003B2A5F /* Debug */,
				3D25D6E32C965D09003B2A5F /* Release */,
			);
			defaultConfigurationIsVisible = 0;
			defaultConfigurationName = Release;
		};
		3D25D6E42C965D09003B2A5F /* Build configuration list for PBXNativeTarget "SidneylandTests" */ = {
			isa = XCConfigurationList;
			buildConfigurations = (
				3D25D6E52C965D09003B2A5F /* Debug */,
				3D25D6E62C965D09003B2A5F /* Release */,
			);
			defaultConfigurationIsVisible = 0;
			defaultConfigurationName = Release;
		};
		3D25D6E72C965D09003B2A5F /* Build configuration list for PBXNativeTarget "SidneylandUITests" */ = {
			isa = XCConfigurationList;
			buildConfigurations = (
				3D25D6E82C965D09003B2A5F /* Debug */,
				3D25D6E92C965D09003B2A5F /* Release */,
			);
			defaultConfigurationIsVisible = 0;
			defaultConfigurationName = Release;
		};
/* End XCConfigurationList section */
	};
	rootObject = 3D25D6B42C965D08003B2A5F /* Project object */;
}
